// !$*UTF8*$!
{
	archiveVersion = 1;
	classes = {
	};
	objectVersion = 56;
	objects = {

/* Begin PBXBuildFile section */
		2502C2E92C2FF8F9007089D4 /* AppDelegate.swift in Sources */ = {isa = PBXBuildFile; fileRef = 2502C2E82C2FF8F9007089D4 /* AppDelegate.swift */; };
		2502C2EB2C2FF8F9007089D4 /* SceneDelegate.swift in Sources */ = {isa = PBXBuildFile; fileRef = 2502C2EA2C2FF8F9007089D4 /* SceneDelegate.swift */; };
		2502C2F32C2FF8F9007089D4 /* SampleProject.xcdatamodeld in Sources */ = {isa = PBXBuildFile; fileRef = 2502C2F12C2FF8F9007089D4 /* SampleProject.xcdatamodeld */; };
		2502C2F52C2FF8FB007089D4 /* Assets.xcassets in Resources */ = {isa = PBXBuildFile; fileRef = 2502C2F42C2FF8FB007089D4 /* Assets.xcassets */; };
		2502C3032C2FF8FB007089D4 /* SampleProjectTests.swift in Sources */ = {isa = PBXBuildFile; fileRef = 2502C3022C2FF8FB007089D4 /* SampleProjectTests.swift */; };
		2502C30D2C2FF8FB007089D4 /* SampleProjectUITests.swift in Sources */ = {isa = PBXBuildFile; fileRef = 2502C30C2C2FF8FB007089D4 /* SampleProjectUITests.swift */; };
		2502C30F2C2FF8FB007089D4 /* SampleProjectUITestsLaunchTests.swift in Sources */ = {isa = PBXBuildFile; fileRef = 2502C30E2C2FF8FB007089D4 /* SampleProjectUITestsLaunchTests.swift */; };
		2502C3282C301C7E007089D4 /* User.swift in Sources */ = {isa = PBXBuildFile; fileRef = 2502C3272C301C7E007089D4 /* User.swift */; };
		2502C32A2C301C9C007089D4 /* UserViewModel.swift in Sources */ = {isa = PBXBuildFile; fileRef = 2502C3292C301C9C007089D4 /* UserViewModel.swift */; };
		2502C32C2C301CEE007089D4 /* AuthCoordinator.swift in Sources */ = {isa = PBXBuildFile; fileRef = 2502C32B2C301CEE007089D4 /* AuthCoordinator.swift */; };
		2502C32F2C301D37007089D4 /* LoginViewController.swift in Sources */ = {isa = PBXBuildFile; fileRef = 2502C32E2C301D37007089D4 /* LoginViewController.swift */; };
		2502C3312C301D6A007089D4 /* RegistrationViewController.swift in Sources */ = {isa = PBXBuildFile; fileRef = 2502C3302C301D6A007089D4 /* RegistrationViewController.swift */; };
		2502C3372C3098CD007089D4 /* UserService.swift in Sources */ = {isa = PBXBuildFile; fileRef = 2502C3362C3098CD007089D4 /* UserService.swift */; };
		2502C33E2C309E7E007089D4 /* HomeCoordinator.swift in Sources */ = {isa = PBXBuildFile; fileRef = 2502C33D2C309E7E007089D4 /* HomeCoordinator.swift */; };
		2502C3402C315CC2007089D4 /* LoadingViewController.swift in Sources */ = {isa = PBXBuildFile; fileRef = 2502C33F2C315CC2007089D4 /* LoadingViewController.swift */; };
		25130C3F2C42D03B00DC62D2 /* HomeViewController.swift in Sources */ = {isa = PBXBuildFile; fileRef = 25130C3E2C42D03B00DC62D2 /* HomeViewController.swift */; };
		259F60872C396C18007F1F67 /* FirebaseUserService.swift in Sources */ = {isa = PBXBuildFile; fileRef = 259F60862C396C18007F1F67 /* FirebaseUserService.swift */; };
		259F60892C396C36007F1F67 /* FriendFetchingService.swift in Sources */ = {isa = PBXBuildFile; fileRef = 259F60882C396C36007F1F67 /* FriendFetchingService.swift */; };
		259F608B2C396C43007F1F67 /* PostFetchingService.swift in Sources */ = {isa = PBXBuildFile; fileRef = 259F608A2C396C43007F1F67 /* PostFetchingService.swift */; };
		259F608D2C396CAE007F1F67 /* MockUserService.swift in Sources */ = {isa = PBXBuildFile; fileRef = 259F608C2C396CAE007F1F67 /* MockUserService.swift */; };
		259F608F2C396D4A007F1F67 /* Post.swift in Sources */ = {isa = PBXBuildFile; fileRef = 259F608E2C396D4A007F1F67 /* Post.swift */; };
		259F60942C397167007F1F67 /* FirebaseFriendService.swift in Sources */ = {isa = PBXBuildFile; fileRef = 259F60932C397167007F1F67 /* FirebaseFriendService.swift */; };
		259F60962C39718B007F1F67 /* FirebasePostService.swift in Sources */ = {isa = PBXBuildFile; fileRef = 259F60952C39718B007F1F67 /* FirebasePostService.swift */; };
		259F60982C397265007F1F67 /* MockFriendService.swift in Sources */ = {isa = PBXBuildFile; fileRef = 259F60972C397265007F1F67 /* MockFriendService.swift */; };
		259F609A2C397275007F1F67 /* MockPostService.swift in Sources */ = {isa = PBXBuildFile; fileRef = 259F60992C397275007F1F67 /* MockPostService.swift */; };
		259F60A52C397EA4007F1F67 /* HomeViewModel.swift in Sources */ = {isa = PBXBuildFile; fileRef = 259F60A42C397EA4007F1F67 /* HomeViewModel.swift */; };
		25A4B4182C3ACACF0052157F /* HomeTabView.swift in Sources */ = {isa = PBXBuildFile; fileRef = 25A4B4172C3ACACF0052157F /* HomeTabView.swift */; };
		25A4B41A2C3ACDD60052157F /* LoginState.swift in Sources */ = {isa = PBXBuildFile; fileRef = 25A4B4192C3ACDD60052157F /* LoginState.swift */; };
		25A4B41F2C3AD0F80052157F /* LoadingStateViewController.swift in Sources */ = {isa = PBXBuildFile; fileRef = 25A4B41E2C3AD0F80052157F /* LoadingStateViewController.swift */; };
		25A4B4212C3AD1050052157F /* FailureStateViewController.swift in Sources */ = {isa = PBXBuildFile; fileRef = 25A4B4202C3AD1050052157F /* FailureStateViewController.swift */; };
		25A4B4292C3AD25A0052157F /* RegistrationState.swift in Sources */ = {isa = PBXBuildFile; fileRef = 25A4B4282C3AD25A0052157F /* RegistrationState.swift */; };
		25A4B42D2C3AD8ED0052157F /* LoginStateViewController.swift in Sources */ = {isa = PBXBuildFile; fileRef = 25A4B42C2C3AD8ED0052157F /* LoginStateViewController.swift */; };
		25A4B42F2C3AD9090052157F /* RegistrationStateViewController.swift in Sources */ = {isa = PBXBuildFile; fileRef = 25A4B42E2C3AD9090052157F /* RegistrationStateViewController.swift */; };
		25A4B4322C3AE2590052157F /* UIViewController+ChildManagement.swift in Sources */ = {isa = PBXBuildFile; fileRef = 25A4B4312C3AE2590052157F /* UIViewController+ChildManagement.swift */; };
		25A4B4342C3AF1240052157F /* CoreCoordinator.swift in Sources */ = {isa = PBXBuildFile; fileRef = 25A4B4332C3AF1240052157F /* CoreCoordinator.swift */; };
		25A4B4362C3F12FE0052157F /* Coordinator.swift in Sources */ = {isa = PBXBuildFile; fileRef = 25A4B4352C3F12FE0052157F /* Coordinator.swift */; };
		25DE86312C43DACC00A5EADC /* LocalizableService.swift in Sources */ = {isa = PBXBuildFile; fileRef = 25DE86302C43DACC00A5EADC /* LocalizableService.swift */; };
		25DE86342C43DAFA00A5EADC /* LoginViewModel.swift in Sources */ = {isa = PBXBuildFile; fileRef = 25DE86332C43DAFA00A5EADC /* LoginViewModel.swift */; };
		25DE86422C43E14700A5EADC /* LoadingViewModel.swift in Sources */ = {isa = PBXBuildFile; fileRef = 25DE86412C43E14700A5EADC /* LoadingViewModel.swift */; };
		25DE86482C43ECEE00A5EADC /* SwiftUILocalizable.xcstrings in Resources */ = {isa = PBXBuildFile; fileRef = 25DE86472C43ECEE00A5EADC /* SwiftUILocalizable.xcstrings */; };
		25DE864B2C43EDEC00A5EADC /* Localizable.strings in Resources */ = {isa = PBXBuildFile; fileRef = 25DE864D2C43EDEC00A5EADC /* Localizable.strings */; };
		25DE86512C43EE8700A5EADC /* LoadingViewController.xib in Resources */ = {isa = PBXBuildFile; fileRef = 25DE86522C43EE8700A5EADC /* LoadingViewController.xib */; };
		25DE86532C43EE8E00A5EADC /* AuthStoryboard.storyboard in Resources */ = {isa = PBXBuildFile; fileRef = 25DE86542C43EE8E00A5EADC /* AuthStoryboard.storyboard */; };
		25DE86552C43EE9300A5EADC /* LaunchScreen.storyboard in Resources */ = {isa = PBXBuildFile; fileRef = 25DE86562C43EE9300A5EADC /* LaunchScreen.storyboard */; };
		25DE86582C43F15700A5EADC /* RegisterViewModel.swift in Sources */ = {isa = PBXBuildFile; fileRef = 25DE86572C43F15700A5EADC /* RegisterViewModel.swift */; };
		25DE865A2C43F16900A5EADC /* AuthLoadingViewModel.swift in Sources */ = {isa = PBXBuildFile; fileRef = 25DE86592C43F16900A5EADC /* AuthLoadingViewModel.swift */; };
		25DE865C2C43F17800A5EADC /* AuthFailureViewModel.swift in Sources */ = {isa = PBXBuildFile; fileRef = 25DE865B2C43F17800A5EADC /* AuthFailureViewModel.swift */; };
		25DE86622C443F5E00A5EADC /* AuthLocalizable.strings in Resources */ = {isa = PBXBuildFile; fileRef = 25DE86642C443F5E00A5EADC /* AuthLocalizable.strings */; };
/* End PBXBuildFile section */

/* Begin PBXContainerItemProxy section */
		2502C2FF2C2FF8FB007089D4 /* PBXContainerItemProxy */ = {
			isa = PBXContainerItemProxy;
			containerPortal = 2502C2DD2C2FF8F9007089D4 /* Project object */;
			proxyType = 1;
			remoteGlobalIDString = 2502C2E42C2FF8F9007089D4;
			remoteInfo = SampleProject;
		};
		2502C3092C2FF8FB007089D4 /* PBXContainerItemProxy */ = {
			isa = PBXContainerItemProxy;
			containerPortal = 2502C2DD2C2FF8F9007089D4 /* Project object */;
			proxyType = 1;
			remoteGlobalIDString = 2502C2E42C2FF8F9007089D4;
			remoteInfo = SampleProject;
		};
/* End PBXContainerItemProxy section */

/* Begin PBXFileReference section */
		2502C2E52C2FF8F9007089D4 /* SampleProject Swift.app */ = {isa = PBXFileReference; explicitFileType = wrapper.application; includeInIndex = 0; path = "SampleProject Swift.app"; sourceTree = BUILT_PRODUCTS_DIR; };
		2502C2E82C2FF8F9007089D4 /* AppDelegate.swift */ = {isa = PBXFileReference; lastKnownFileType = sourcecode.swift; path = AppDelegate.swift; sourceTree = "<group>"; };
		2502C2EA2C2FF8F9007089D4 /* SceneDelegate.swift */ = {isa = PBXFileReference; lastKnownFileType = sourcecode.swift; path = SceneDelegate.swift; sourceTree = "<group>"; };
		2502C2F22C2FF8F9007089D4 /* SampleProject.xcdatamodel */ = {isa = PBXFileReference; lastKnownFileType = wrapper.xcdatamodel; path = SampleProject.xcdatamodel; sourceTree = "<group>"; };
		2502C2F42C2FF8FB007089D4 /* Assets.xcassets */ = {isa = PBXFileReference; lastKnownFileType = folder.assetcatalog; path = Assets.xcassets; sourceTree = "<group>"; };
		2502C2F92C2FF8FB007089D4 /* Info.plist */ = {isa = PBXFileReference; lastKnownFileType = text.plist.xml; path = Info.plist; sourceTree = "<group>"; };
		2502C2FE2C2FF8FB007089D4 /* SampleProject SwiftTests.xctest */ = {isa = PBXFileReference; explicitFileType = wrapper.cfbundle; includeInIndex = 0; path = "SampleProject SwiftTests.xctest"; sourceTree = BUILT_PRODUCTS_DIR; };
		2502C3022C2FF8FB007089D4 /* SampleProjectTests.swift */ = {isa = PBXFileReference; lastKnownFileType = sourcecode.swift; path = SampleProjectTests.swift; sourceTree = "<group>"; };
		2502C3082C2FF8FB007089D4 /* SampleProject SwiftUITests.xctest */ = {isa = PBXFileReference; explicitFileType = wrapper.cfbundle; includeInIndex = 0; path = "SampleProject SwiftUITests.xctest"; sourceTree = BUILT_PRODUCTS_DIR; };
		2502C30C2C2FF8FB007089D4 /* SampleProjectUITests.swift */ = {isa = PBXFileReference; lastKnownFileType = sourcecode.swift; path = SampleProjectUITests.swift; sourceTree = "<group>"; };
		2502C30E2C2FF8FB007089D4 /* SampleProjectUITestsLaunchTests.swift */ = {isa = PBXFileReference; lastKnownFileType = sourcecode.swift; path = SampleProjectUITestsLaunchTests.swift; sourceTree = "<group>"; };
		2502C3272C301C7E007089D4 /* User.swift */ = {isa = PBXFileReference; lastKnownFileType = sourcecode.swift; path = User.swift; sourceTree = "<group>"; };
		2502C3292C301C9C007089D4 /* UserViewModel.swift */ = {isa = PBXFileReference; lastKnownFileType = sourcecode.swift; path = UserViewModel.swift; sourceTree = "<group>"; };
		2502C32B2C301CEE007089D4 /* AuthCoordinator.swift */ = {isa = PBXFileReference; lastKnownFileType = sourcecode.swift; path = AuthCoordinator.swift; sourceTree = "<group>"; };
		2502C32E2C301D37007089D4 /* LoginViewController.swift */ = {isa = PBXFileReference; lastKnownFileType = sourcecode.swift; path = LoginViewController.swift; sourceTree = "<group>"; };
		2502C3302C301D6A007089D4 /* RegistrationViewController.swift */ = {isa = PBXFileReference; lastKnownFileType = sourcecode.swift; path = RegistrationViewController.swift; sourceTree = "<group>"; };
		2502C3362C3098CD007089D4 /* UserService.swift */ = {isa = PBXFileReference; lastKnownFileType = sourcecode.swift; path = UserService.swift; sourceTree = "<group>"; };
		2502C33D2C309E7E007089D4 /* HomeCoordinator.swift */ = {isa = PBXFileReference; lastKnownFileType = sourcecode.swift; path = HomeCoordinator.swift; sourceTree = "<group>"; };
		2502C33F2C315CC2007089D4 /* LoadingViewController.swift */ = {isa = PBXFileReference; lastKnownFileType = sourcecode.swift; path = LoadingViewController.swift; sourceTree = "<group>"; };
		25130C3E2C42D03B00DC62D2 /* HomeViewController.swift */ = {isa = PBXFileReference; lastKnownFileType = sourcecode.swift; path = HomeViewController.swift; sourceTree = "<group>"; };
		259F60862C396C18007F1F67 /* FirebaseUserService.swift */ = {isa = PBXFileReference; lastKnownFileType = sourcecode.swift; path = FirebaseUserService.swift; sourceTree = "<group>"; };
		259F60882C396C36007F1F67 /* FriendFetchingService.swift */ = {isa = PBXFileReference; lastKnownFileType = sourcecode.swift; path = FriendFetchingService.swift; sourceTree = "<group>"; };
		259F608A2C396C43007F1F67 /* PostFetchingService.swift */ = {isa = PBXFileReference; lastKnownFileType = sourcecode.swift; path = PostFetchingService.swift; sourceTree = "<group>"; };
		259F608C2C396CAE007F1F67 /* MockUserService.swift */ = {isa = PBXFileReference; lastKnownFileType = sourcecode.swift; path = MockUserService.swift; sourceTree = "<group>"; };
		259F608E2C396D4A007F1F67 /* Post.swift */ = {isa = PBXFileReference; lastKnownFileType = sourcecode.swift; path = Post.swift; sourceTree = "<group>"; };
		259F60932C397167007F1F67 /* FirebaseFriendService.swift */ = {isa = PBXFileReference; lastKnownFileType = sourcecode.swift; path = FirebaseFriendService.swift; sourceTree = "<group>"; };
		259F60952C39718B007F1F67 /* FirebasePostService.swift */ = {isa = PBXFileReference; lastKnownFileType = sourcecode.swift; path = FirebasePostService.swift; sourceTree = "<group>"; };
		259F60972C397265007F1F67 /* MockFriendService.swift */ = {isa = PBXFileReference; lastKnownFileType = sourcecode.swift; path = MockFriendService.swift; sourceTree = "<group>"; };
		259F60992C397275007F1F67 /* MockPostService.swift */ = {isa = PBXFileReference; lastKnownFileType = sourcecode.swift; path = MockPostService.swift; sourceTree = "<group>"; };
		259F60A42C397EA4007F1F67 /* HomeViewModel.swift */ = {isa = PBXFileReference; lastKnownFileType = sourcecode.swift; path = HomeViewModel.swift; sourceTree = "<group>"; };
		25A4B4172C3ACACF0052157F /* HomeTabView.swift */ = {isa = PBXFileReference; lastKnownFileType = sourcecode.swift; path = HomeTabView.swift; sourceTree = "<group>"; };
		25A4B4192C3ACDD60052157F /* LoginState.swift */ = {isa = PBXFileReference; lastKnownFileType = sourcecode.swift; path = LoginState.swift; sourceTree = "<group>"; };
		25A4B41E2C3AD0F80052157F /* LoadingStateViewController.swift */ = {isa = PBXFileReference; lastKnownFileType = sourcecode.swift; path = LoadingStateViewController.swift; sourceTree = "<group>"; };
		25A4B4202C3AD1050052157F /* FailureStateViewController.swift */ = {isa = PBXFileReference; lastKnownFileType = sourcecode.swift; path = FailureStateViewController.swift; sourceTree = "<group>"; };
		25A4B4282C3AD25A0052157F /* RegistrationState.swift */ = {isa = PBXFileReference; lastKnownFileType = sourcecode.swift; path = RegistrationState.swift; sourceTree = "<group>"; };
		25A4B42C2C3AD8ED0052157F /* LoginStateViewController.swift */ = {isa = PBXFileReference; lastKnownFileType = sourcecode.swift; path = LoginStateViewController.swift; sourceTree = "<group>"; };
		25A4B42E2C3AD9090052157F /* RegistrationStateViewController.swift */ = {isa = PBXFileReference; lastKnownFileType = sourcecode.swift; path = RegistrationStateViewController.swift; sourceTree = "<group>"; };
		25A4B4312C3AE2590052157F /* UIViewController+ChildManagement.swift */ = {isa = PBXFileReference; lastKnownFileType = sourcecode.swift; path = "UIViewController+ChildManagement.swift"; sourceTree = "<group>"; };
		25A4B4332C3AF1240052157F /* CoreCoordinator.swift */ = {isa = PBXFileReference; lastKnownFileType = sourcecode.swift; path = CoreCoordinator.swift; sourceTree = "<group>"; };
		25A4B4352C3F12FE0052157F /* Coordinator.swift */ = {isa = PBXFileReference; lastKnownFileType = sourcecode.swift; path = Coordinator.swift; sourceTree = "<group>"; };
		25DE86302C43DACC00A5EADC /* LocalizableService.swift */ = {isa = PBXFileReference; lastKnownFileType = sourcecode.swift; path = LocalizableService.swift; sourceTree = "<group>"; };
		25DE86332C43DAFA00A5EADC /* LoginViewModel.swift */ = {isa = PBXFileReference; lastKnownFileType = sourcecode.swift; path = LoginViewModel.swift; sourceTree = "<group>"; };
		25DE86412C43E14700A5EADC /* LoadingViewModel.swift */ = {isa = PBXFileReference; lastKnownFileType = sourcecode.swift; path = LoadingViewModel.swift; sourceTree = "<group>"; };
		25DE86472C43ECEE00A5EADC /* SwiftUILocalizable.xcstrings */ = {isa = PBXFileReference; lastKnownFileType = text.json.xcstrings; path = SwiftUILocalizable.xcstrings; sourceTree = "<group>"; };
		25DE864C2C43EDEC00A5EADC /* en */ = {isa = PBXFileReference; lastKnownFileType = text.plist.strings; name = en; path = en.lproj/Localizable.strings; sourceTree = "<group>"; };
		25DE864E2C43EDEF00A5EADC /* it */ = {isa = PBXFileReference; lastKnownFileType = text.plist.strings; name = it; path = it.lproj/Localizable.strings; sourceTree = "<group>"; };
		25DE86522C43EE8700A5EADC /* LoadingViewController.xib */ = {isa = PBXFileReference; lastKnownFileType = file.xib; name = LoadingViewController.xib; path = SampleProject/Core/Views/XIBs/LoadingViewController.xib; sourceTree = SOURCE_ROOT; };
		25DE86542C43EE8E00A5EADC /* AuthStoryboard.storyboard */ = {isa = PBXFileReference; lastKnownFileType = file.storyboard; path = AuthStoryboard.storyboard; sourceTree = "<group>"; };
		25DE86562C43EE9300A5EADC /* LaunchScreen.storyboard */ = {isa = PBXFileReference; lastKnownFileType = file.storyboard; path = LaunchScreen.storyboard; sourceTree = "<group>"; };
		25DE86572C43F15700A5EADC /* RegisterViewModel.swift */ = {isa = PBXFileReference; lastKnownFileType = sourcecode.swift; path = RegisterViewModel.swift; sourceTree = "<group>"; };
		25DE86592C43F16900A5EADC /* AuthLoadingViewModel.swift */ = {isa = PBXFileReference; lastKnownFileType = sourcecode.swift; path = AuthLoadingViewModel.swift; sourceTree = "<group>"; };
		25DE865B2C43F17800A5EADC /* AuthFailureViewModel.swift */ = {isa = PBXFileReference; lastKnownFileType = sourcecode.swift; path = AuthFailureViewModel.swift; sourceTree = "<group>"; };
		25DE86632C443F5E00A5EADC /* en */ = {isa = PBXFileReference; lastKnownFileType = text.plist.strings; name = en; path = en.lproj/AuthLocalizable.strings; sourceTree = "<group>"; };
		25DE86652C443F5F00A5EADC /* it */ = {isa = PBXFileReference; lastKnownFileType = text.plist.strings; name = it; path = it.lproj/AuthLocalizable.strings; sourceTree = "<group>"; };
/* End PBXFileReference section */

/* Begin PBXFrameworksBuildPhase section */
		2502C2E22C2FF8F9007089D4 /* Frameworks */ = {
			isa = PBXFrameworksBuildPhase;
			buildActionMask = 2147483647;
			files = (
			);
			runOnlyForDeploymentPostprocessing = 0;
		};
		2502C2FB2C2FF8FB007089D4 /* Frameworks */ = {
			isa = PBXFrameworksBuildPhase;
			buildActionMask = 2147483647;
			files = (
			);
			runOnlyForDeploymentPostprocessing = 0;
		};
		2502C3052C2FF8FB007089D4 /* Frameworks */ = {
			isa = PBXFrameworksBuildPhase;
			buildActionMask = 2147483647;
			files = (
			);
			runOnlyForDeploymentPostprocessing = 0;
		};
/* End PBXFrameworksBuildPhase section */

/* Begin PBXGroup section */
		2502C2DC2C2FF8F9007089D4 = {
			isa = PBXGroup;
			children = (
				2502C2E72C2FF8F9007089D4 /* SampleProject */,
				2502C3012C2FF8FB007089D4 /* SampleProjectTests */,
				2502C30B2C2FF8FB007089D4 /* SampleProjectUITests */,
				2502C2E62C2FF8F9007089D4 /* Products */,
			);
			sourceTree = "<group>";
		};
		2502C2E62C2FF8F9007089D4 /* Products */ = {
			isa = PBXGroup;
			children = (
				2502C2E52C2FF8F9007089D4 /* SampleProject Swift.app */,
				2502C2FE2C2FF8FB007089D4 /* SampleProject SwiftTests.xctest */,
				2502C3082C2FF8FB007089D4 /* SampleProject SwiftUITests.xctest */,
			);
			name = Products;
			sourceTree = "<group>";
		};
		2502C2E72C2FF8F9007089D4 /* SampleProject */ = {
			isa = PBXGroup;
			children = (
				2502C3322C302023007089D4 /* App */,
				25A4B43D2C41964E0052157F /* Core */,
				25A4B4372C4194DD0052157F /* AuthModule */,
				25A4B4382C4194EA0052157F /* HomeModule */,
				25A4B4302C3AE23B0052157F /* Extensions */,
				2502C3222C2FFAE1007089D4 /* Resources */,
				25A4B4152C3AC4A10052157F /* SupportingFiles */,
			);
			path = SampleProject;
			sourceTree = "<group>";
		};
		2502C3012C2FF8FB007089D4 /* SampleProjectTests */ = {
			isa = PBXGroup;
			children = (
				2502C3022C2FF8FB007089D4 /* SampleProjectTests.swift */,
			);
			path = SampleProjectTests;
			sourceTree = "<group>";
		};
		2502C30B2C2FF8FB007089D4 /* SampleProjectUITests */ = {
			isa = PBXGroup;
			children = (
				2502C30C2C2FF8FB007089D4 /* SampleProjectUITests.swift */,
				2502C30E2C2FF8FB007089D4 /* SampleProjectUITestsLaunchTests.swift */,
			);
			path = SampleProjectUITests;
			sourceTree = "<group>";
		};
		2502C31B2C2FFAA6007089D4 /* Models */ = {
			isa = PBXGroup;
			children = (
				259F608E2C396D4A007F1F67 /* Post.swift */,
			);
			path = Models;
			sourceTree = "<group>";
		};
		2502C31C2C2FFAAD007089D4 /* Views */ = {
			isa = PBXGroup;
			children = (
				25130C3E2C42D03B00DC62D2 /* HomeViewController.swift */,
				25A4B4172C3ACACF0052157F /* HomeTabView.swift */,
			);
			path = Views;
			sourceTree = "<group>";
		};
		2502C31F2C2FFAC9007089D4 /* ViewModels */ = {
			isa = PBXGroup;
			children = (
				259F60A42C397EA4007F1F67 /* HomeViewModel.swift */,
			);
			path = ViewModels;
			sourceTree = "<group>";
		};
		2502C3202C2FFAD0007089D4 /* Coordinators */ = {
			isa = PBXGroup;
			children = (
				2502C33D2C309E7E007089D4 /* HomeCoordinator.swift */,
			);
			path = Coordinators;
			sourceTree = "<group>";
		};
		2502C3222C2FFAE1007089D4 /* Resources */ = {
			isa = PBXGroup;
			children = (
				2502C2F92C2FF8FB007089D4 /* Info.plist */,
				2502C2F42C2FF8FB007089D4 /* Assets.xcassets */,
				25DE86562C43EE9300A5EADC /* LaunchScreen.storyboard */,
				25DE86472C43ECEE00A5EADC /* SwiftUILocalizable.xcstrings */,
				2502C3262C2FFC2C007089D4 /* CoreData */,
			);
			path = Resources;
			sourceTree = "<group>";
		};
		2502C3262C2FFC2C007089D4 /* CoreData */ = {
			isa = PBXGroup;
			children = (
				2502C2F12C2FF8F9007089D4 /* SampleProject.xcdatamodeld */,
			);
			path = CoreData;
			sourceTree = "<group>";
		};
		2502C3322C302023007089D4 /* App */ = {
			isa = PBXGroup;
			children = (
				2502C2E82C2FF8F9007089D4 /* AppDelegate.swift */,
				2502C2EA2C2FF8F9007089D4 /* SceneDelegate.swift */,
			);
			path = App;
			sourceTree = "<group>";
		};
		25130C382C42CE3A00DC62D2 /* Storyboards */ = {
			isa = PBXGroup;
			children = (
				25DE86542C43EE8E00A5EADC /* AuthStoryboard.storyboard */,
			);
			path = Storyboards;
			sourceTree = "<group>";
		};
		25130C392C42CE4400DC62D2 /* ViewControllers */ = {
			isa = PBXGroup;
			children = (
				25A4B4262C3AD1EC0052157F /* Login */,
				25A4B4272C3AD1F50052157F /* Registration */,
				25A4B4242C3AD1DE0052157F /* SharedStates */,
			);
			path = ViewControllers;
			sourceTree = "<group>";
		};
		25130C3C2C42CF3200DC62D2 /* ViewControllers */ = {
			isa = PBXGroup;
			children = (
				2502C33F2C315CC2007089D4 /* LoadingViewController.swift */,
			);
			path = ViewControllers;
			sourceTree = "<group>";
		};
		25130C3D2C42CF3900DC62D2 /* XIBs */ = {
			isa = PBXGroup;
			children = (
				25DE86522C43EE8700A5EADC /* LoadingViewController.xib */,
			);
			path = XIBs;
			sourceTree = "<group>";
		};
		259F60902C3970E5007F1F67 /* User */ = {
			isa = PBXGroup;
			children = (
				2502C3362C3098CD007089D4 /* UserService.swift */,
				259F608C2C396CAE007F1F67 /* MockUserService.swift */,
				259F60862C396C18007F1F67 /* FirebaseUserService.swift */,
			);
			path = User;
			sourceTree = "<group>";
		};
		259F60912C3970EB007F1F67 /* Friend */ = {
			isa = PBXGroup;
			children = (
				259F60882C396C36007F1F67 /* FriendFetchingService.swift */,
				259F60972C397265007F1F67 /* MockFriendService.swift */,
				259F60932C397167007F1F67 /* FirebaseFriendService.swift */,
			);
			path = Friend;
			sourceTree = "<group>";
		};
		259F60922C3970F7007F1F67 /* Post */ = {
			isa = PBXGroup;
			children = (
				259F608A2C396C43007F1F67 /* PostFetchingService.swift */,
				259F60992C397275007F1F67 /* MockPostService.swift */,
				259F60952C39718B007F1F67 /* FirebasePostService.swift */,
			);
			path = Post;
			sourceTree = "<group>";
		};
		25A4B4152C3AC4A10052157F /* SupportingFiles */ = {
			isa = PBXGroup;
			children = (
			);
			path = SupportingFiles;
			sourceTree = "<group>";
		};
		25A4B4162C3AC5720052157F /* Backend */ = {
			isa = PBXGroup;
			children = (
				259F60902C3970E5007F1F67 /* User */,
				259F60912C3970EB007F1F67 /* Friend */,
				259F60922C3970F7007F1F67 /* Post */,
			);
			path = Backend;
			sourceTree = "<group>";
		};
		25A4B4242C3AD1DE0052157F /* SharedStates */ = {
			isa = PBXGroup;
			children = (
				25A4B41E2C3AD0F80052157F /* LoadingStateViewController.swift */,
				25A4B4202C3AD1050052157F /* FailureStateViewController.swift */,
			);
			path = SharedStates;
			sourceTree = "<group>";
		};
		25A4B4262C3AD1EC0052157F /* Login */ = {
			isa = PBXGroup;
			children = (
				25A4B4192C3ACDD60052157F /* LoginState.swift */,
				2502C32E2C301D37007089D4 /* LoginViewController.swift */,
				25A4B42C2C3AD8ED0052157F /* LoginStateViewController.swift */,
			);
			path = Login;
			sourceTree = "<group>";
		};
		25A4B4272C3AD1F50052157F /* Registration */ = {
			isa = PBXGroup;
			children = (
				25A4B4282C3AD25A0052157F /* RegistrationState.swift */,
				2502C3302C301D6A007089D4 /* RegistrationViewController.swift */,
				25A4B42E2C3AD9090052157F /* RegistrationStateViewController.swift */,
			);
			path = Registration;
			sourceTree = "<group>";
		};
		25A4B4302C3AE23B0052157F /* Extensions */ = {
			isa = PBXGroup;
			children = (
				25A4B4312C3AE2590052157F /* UIViewController+ChildManagement.swift */,
			);
			path = Extensions;
			sourceTree = "<group>";
		};
		25A4B4372C4194DD0052157F /* AuthModule */ = {
			isa = PBXGroup;
			children = (
				25A4B4392C4194F50052157F /* Coordinators */,
				25DE86322C43DAE300A5EADC /* ViewModels */,
				25A4B43C2C41950A0052157F /* Views */,
				25DE865E2C443EFB00A5EADC /* Resources */,
			);
			path = AuthModule;
			sourceTree = "<group>";
		};
		25A4B4382C4194EA0052157F /* HomeModule */ = {
			isa = PBXGroup;
			children = (
				2502C3202C2FFAD0007089D4 /* Coordinators */,
				2502C31B2C2FFAA6007089D4 /* Models */,
				2502C31F2C2FFAC9007089D4 /* ViewModels */,
				2502C31C2C2FFAAD007089D4 /* Views */,
			);
			path = HomeModule;
			sourceTree = "<group>";
		};
		25A4B4392C4194F50052157F /* Coordinators */ = {
			isa = PBXGroup;
			children = (
				2502C32B2C301CEE007089D4 /* AuthCoordinator.swift */,
			);
			path = Coordinators;
			sourceTree = "<group>";
		};
		25A4B43C2C41950A0052157F /* Views */ = {
			isa = PBXGroup;
			children = (
				25130C392C42CE4400DC62D2 /* ViewControllers */,
				25130C382C42CE3A00DC62D2 /* Storyboards */,
				25DE862D2C43D81200A5EADC /* CustomViews */,
				25DE862E2C43D81A00A5EADC /* XIBs */,
			);
			path = Views;
			sourceTree = "<group>";
		};
		25A4B43D2C41964E0052157F /* Core */ = {
			isa = PBXGroup;
			children = (
				25A4B43E2C41965D0052157F /* Coordinators */,
				25A4B43F2C4196660052157F /* Models */,
				25A4B4402C41966B0052157F /* ViewModels */,
				25A4B4422C4198E80052157F /* Views */,
				25A4B4412C4196710052157F /* Services */,
				25DE865F2C443F0800A5EADC /* Resources */,
			);
			path = Core;
			sourceTree = "<group>";
		};
		25A4B43E2C41965D0052157F /* Coordinators */ = {
			isa = PBXGroup;
			children = (
				25A4B4352C3F12FE0052157F /* Coordinator.swift */,
				25A4B4332C3AF1240052157F /* CoreCoordinator.swift */,
			);
			path = Coordinators;
			sourceTree = "<group>";
		};
		25A4B43F2C4196660052157F /* Models */ = {
			isa = PBXGroup;
			children = (
				2502C3272C301C7E007089D4 /* User.swift */,
			);
			path = Models;
			sourceTree = "<group>";
		};
		25A4B4402C41966B0052157F /* ViewModels */ = {
			isa = PBXGroup;
			children = (
				2502C3292C301C9C007089D4 /* UserViewModel.swift */,
				25DE86412C43E14700A5EADC /* LoadingViewModel.swift */,
			);
			path = ViewModels;
			sourceTree = "<group>";
		};
		25A4B4412C4196710052157F /* Services */ = {
			isa = PBXGroup;
			children = (
				25A4B4162C3AC5720052157F /* Backend */,
				25DE862F2C43DABA00A5EADC /* LocalizableService */,
			);
			path = Services;
			sourceTree = "<group>";
		};
		25A4B4422C4198E80052157F /* Views */ = {
			isa = PBXGroup;
			children = (
				25130C3C2C42CF3200DC62D2 /* ViewControllers */,
				25130C3D2C42CF3900DC62D2 /* XIBs */,
			);
			path = Views;
			sourceTree = "<group>";
		};
		25DE862D2C43D81200A5EADC /* CustomViews */ = {
			isa = PBXGroup;
			children = (
			);
			path = CustomViews;
			sourceTree = "<group>";
		};
		25DE862E2C43D81A00A5EADC /* XIBs */ = {
			isa = PBXGroup;
			children = (
			);
			path = XIBs;
			sourceTree = "<group>";
		};
		25DE862F2C43DABA00A5EADC /* LocalizableService */ = {
			isa = PBXGroup;
			children = (
				25DE86302C43DACC00A5EADC /* LocalizableService.swift */,
			);
			path = LocalizableService;
			sourceTree = "<group>";
		};
		25DE86322C43DAE300A5EADC /* ViewModels */ = {
			isa = PBXGroup;
			children = (
				25DE86332C43DAFA00A5EADC /* LoginViewModel.swift */,
				25DE86572C43F15700A5EADC /* RegisterViewModel.swift */,
				25DE86592C43F16900A5EADC /* AuthLoadingViewModel.swift */,
				25DE865B2C43F17800A5EADC /* AuthFailureViewModel.swift */,
			);
			path = ViewModels;
			sourceTree = "<group>";
		};
		25DE865E2C443EFB00A5EADC /* Resources */ = {
			isa = PBXGroup;
			children = (
				25DE86642C443F5E00A5EADC /* AuthLocalizable.strings */,
			);
			path = Resources;
			sourceTree = "<group>";
		};
		25DE865F2C443F0800A5EADC /* Resources */ = {
			isa = PBXGroup;
			children = (
				25DE864D2C43EDEC00A5EADC /* Localizable.strings */,
			);
			path = Resources;
			sourceTree = "<group>";
		};
/* End PBXGroup section */

/* Begin PBXNativeTarget section */
		2502C2E42C2FF8F9007089D4 /* SampleProject Swift */ = {
			isa = PBXNativeTarget;
			buildConfigurationList = 2502C3122C2FF8FB007089D4 /* Build configuration list for PBXNativeTarget "SampleProject Swift" */;
			buildPhases = (
				2502C2E12C2FF8F9007089D4 /* Sources */,
				2502C2E22C2FF8F9007089D4 /* Frameworks */,
				2502C2E32C2FF8F9007089D4 /* Resources */,
			);
			buildRules = (
			);
			dependencies = (
			);
			name = "SampleProject Swift";
			productName = SampleProject;
			productReference = 2502C2E52C2FF8F9007089D4 /* SampleProject Swift.app */;
			productType = "com.apple.product-type.application";
		};
		2502C2FD2C2FF8FB007089D4 /* SampleProject SwiftTests */ = {
			isa = PBXNativeTarget;
			buildConfigurationList = 2502C3152C2FF8FB007089D4 /* Build configuration list for PBXNativeTarget "SampleProject SwiftTests" */;
			buildPhases = (
				2502C2FA2C2FF8FB007089D4 /* Sources */,
				2502C2FB2C2FF8FB007089D4 /* Frameworks */,
				2502C2FC2C2FF8FB007089D4 /* Resources */,
			);
			buildRules = (
			);
			dependencies = (
				2502C3002C2FF8FB007089D4 /* PBXTargetDependency */,
			);
			name = "SampleProject SwiftTests";
			productName = SampleProjectTests;
			productReference = 2502C2FE2C2FF8FB007089D4 /* SampleProject SwiftTests.xctest */;
			productType = "com.apple.product-type.bundle.unit-test";
		};
		2502C3072C2FF8FB007089D4 /* SampleProject SwiftUITests */ = {
			isa = PBXNativeTarget;
			buildConfigurationList = 2502C3182C2FF8FB007089D4 /* Build configuration list for PBXNativeTarget "SampleProject SwiftUITests" */;
			buildPhases = (
				2502C3042C2FF8FB007089D4 /* Sources */,
				2502C3052C2FF8FB007089D4 /* Frameworks */,
				2502C3062C2FF8FB007089D4 /* Resources */,
			);
			buildRules = (
			);
			dependencies = (
				2502C30A2C2FF8FB007089D4 /* PBXTargetDependency */,
			);
			name = "SampleProject SwiftUITests";
			productName = SampleProjectUITests;
			productReference = 2502C3082C2FF8FB007089D4 /* SampleProject SwiftUITests.xctest */;
			productType = "com.apple.product-type.bundle.ui-testing";
		};
/* End PBXNativeTarget section */

/* Begin PBXProject section */
		2502C2DD2C2FF8F9007089D4 /* Project object */ = {
			isa = PBXProject;
			attributes = {
				BuildIndependentTargetsInParallel = 1;
				LastSwiftUpdateCheck = 1520;
				LastUpgradeCheck = 1520;
				TargetAttributes = {
					2502C2E42C2FF8F9007089D4 = {
						CreatedOnToolsVersion = 15.2;
					};
					2502C2FD2C2FF8FB007089D4 = {
						CreatedOnToolsVersion = 15.2;
						TestTargetID = 2502C2E42C2FF8F9007089D4;
					};
					2502C3072C2FF8FB007089D4 = {
						CreatedOnToolsVersion = 15.2;
						TestTargetID = 2502C2E42C2FF8F9007089D4;
					};
				};
			};
			buildConfigurationList = 2502C2E02C2FF8F9007089D4 /* Build configuration list for PBXProject "SampleProject Swift" */;
			compatibilityVersion = "Xcode 14.0";
			developmentRegion = en;
			hasScannedForEncodings = 0;
			knownRegions = (
				en,
				Base,
				it,
			);
			mainGroup = 2502C2DC2C2FF8F9007089D4;
			productRefGroup = 2502C2E62C2FF8F9007089D4 /* Products */;
			projectDirPath = "";
			projectRoot = "";
			targets = (
				2502C2E42C2FF8F9007089D4 /* SampleProject Swift */,
				2502C2FD2C2FF8FB007089D4 /* SampleProject SwiftTests */,
				2502C3072C2FF8FB007089D4 /* SampleProject SwiftUITests */,
			);
		};
/* End PBXProject section */

/* Begin PBXResourcesBuildPhase section */
		2502C2E32C2FF8F9007089D4 /* Resources */ = {
			isa = PBXResourcesBuildPhase;
			buildActionMask = 2147483647;
			files = (
				25DE86552C43EE9300A5EADC /* LaunchScreen.storyboard in Resources */,
				25DE864B2C43EDEC00A5EADC /* Localizable.strings in Resources */,
				25DE86622C443F5E00A5EADC /* AuthLocalizable.strings in Resources */,
				25DE86482C43ECEE00A5EADC /* SwiftUILocalizable.xcstrings in Resources */,
				2502C2F52C2FF8FB007089D4 /* Assets.xcassets in Resources */,
				25DE86532C43EE8E00A5EADC /* AuthStoryboard.storyboard in Resources */,
				25DE86512C43EE8700A5EADC /* LoadingViewController.xib in Resources */,
			);
			runOnlyForDeploymentPostprocessing = 0;
		};
		2502C2FC2C2FF8FB007089D4 /* Resources */ = {
			isa = PBXResourcesBuildPhase;
			buildActionMask = 2147483647;
			files = (
			);
			runOnlyForDeploymentPostprocessing = 0;
		};
		2502C3062C2FF8FB007089D4 /* Resources */ = {
			isa = PBXResourcesBuildPhase;
			buildActionMask = 2147483647;
			files = (
			);
			runOnlyForDeploymentPostprocessing = 0;
		};
/* End PBXResourcesBuildPhase section */

/* Begin PBXSourcesBuildPhase section */
		2502C2E12C2FF8F9007089D4 /* Sources */ = {
			isa = PBXSourcesBuildPhase;
			buildActionMask = 2147483647;
			files = (
				259F60962C39718B007F1F67 /* FirebasePostService.swift in Sources */,
				259F609A2C397275007F1F67 /* MockPostService.swift in Sources */,
				2502C3312C301D6A007089D4 /* RegistrationViewController.swift in Sources */,
				259F60872C396C18007F1F67 /* FirebaseUserService.swift in Sources */,
				25A4B4212C3AD1050052157F /* FailureStateViewController.swift in Sources */,
				25DE865A2C43F16900A5EADC /* AuthLoadingViewModel.swift in Sources */,
				259F608B2C396C43007F1F67 /* PostFetchingService.swift in Sources */,
				2502C2E92C2FF8F9007089D4 /* AppDelegate.swift in Sources */,
				25DE86582C43F15700A5EADC /* RegisterViewModel.swift in Sources */,
				2502C32A2C301C9C007089D4 /* UserViewModel.swift in Sources */,
				2502C2EB2C2FF8F9007089D4 /* SceneDelegate.swift in Sources */,
				259F60A52C397EA4007F1F67 /* HomeViewModel.swift in Sources */,
				25A4B4182C3ACACF0052157F /* HomeTabView.swift in Sources */,
				25DE865C2C43F17800A5EADC /* AuthFailureViewModel.swift in Sources */,
				25A4B41F2C3AD0F80052157F /* LoadingStateViewController.swift in Sources */,
				25A4B4292C3AD25A0052157F /* RegistrationState.swift in Sources */,
				25A4B4342C3AF1240052157F /* CoreCoordinator.swift in Sources */,
				2502C32C2C301CEE007089D4 /* AuthCoordinator.swift in Sources */,
				25A4B41A2C3ACDD60052157F /* LoginState.swift in Sources */,
				25A4B4362C3F12FE0052157F /* Coordinator.swift in Sources */,
				259F60892C396C36007F1F67 /* FriendFetchingService.swift in Sources */,
				2502C33E2C309E7E007089D4 /* HomeCoordinator.swift in Sources */,
				2502C3282C301C7E007089D4 /* User.swift in Sources */,
				25A4B4322C3AE2590052157F /* UIViewController+ChildManagement.swift in Sources */,
				2502C32F2C301D37007089D4 /* LoginViewController.swift in Sources */,
				259F60942C397167007F1F67 /* FirebaseFriendService.swift in Sources */,
				25DE86312C43DACC00A5EADC /* LocalizableService.swift in Sources */,
				25DE86342C43DAFA00A5EADC /* LoginViewModel.swift in Sources */,
				259F608D2C396CAE007F1F67 /* MockUserService.swift in Sources */,
				2502C2F32C2FF8F9007089D4 /* SampleProject.xcdatamodeld in Sources */,
				259F60982C397265007F1F67 /* MockFriendService.swift in Sources */,
				25DE86422C43E14700A5EADC /* LoadingViewModel.swift in Sources */,
				259F608F2C396D4A007F1F67 /* Post.swift in Sources */,
				25130C3F2C42D03B00DC62D2 /* HomeViewController.swift in Sources */,
				2502C3402C315CC2007089D4 /* LoadingViewController.swift in Sources */,
				25A4B42D2C3AD8ED0052157F /* LoginStateViewController.swift in Sources */,
				2502C3372C3098CD007089D4 /* UserService.swift in Sources */,
				25A4B42F2C3AD9090052157F /* RegistrationStateViewController.swift in Sources */,
			);
			runOnlyForDeploymentPostprocessing = 0;
		};
		2502C2FA2C2FF8FB007089D4 /* Sources */ = {
			isa = PBXSourcesBuildPhase;
			buildActionMask = 2147483647;
			files = (
				2502C3032C2FF8FB007089D4 /* SampleProjectTests.swift in Sources */,
			);
			runOnlyForDeploymentPostprocessing = 0;
		};
		2502C3042C2FF8FB007089D4 /* Sources */ = {
			isa = PBXSourcesBuildPhase;
			buildActionMask = 2147483647;
			files = (
				2502C30F2C2FF8FB007089D4 /* SampleProjectUITestsLaunchTests.swift in Sources */,
				2502C30D2C2FF8FB007089D4 /* SampleProjectUITests.swift in Sources */,
			);
			runOnlyForDeploymentPostprocessing = 0;
		};
/* End PBXSourcesBuildPhase section */

/* Begin PBXTargetDependency section */
		2502C3002C2FF8FB007089D4 /* PBXTargetDependency */ = {
			isa = PBXTargetDependency;
			target = 2502C2E42C2FF8F9007089D4 /* SampleProject Swift */;
			targetProxy = 2502C2FF2C2FF8FB007089D4 /* PBXContainerItemProxy */;
		};
		2502C30A2C2FF8FB007089D4 /* PBXTargetDependency */ = {
			isa = PBXTargetDependency;
			target = 2502C2E42C2FF8F9007089D4 /* SampleProject Swift */;
			targetProxy = 2502C3092C2FF8FB007089D4 /* PBXContainerItemProxy */;
		};
/* End PBXTargetDependency section */

/* Begin PBXVariantGroup section */
		25DE864D2C43EDEC00A5EADC /* Localizable.strings */ = {
			isa = PBXVariantGroup;
			children = (
				25DE864C2C43EDEC00A5EADC /* en */,
				25DE864E2C43EDEF00A5EADC /* it */,
			);
			name = Localizable.strings;
			sourceTree = "<group>";
		};
		25DE86642C443F5E00A5EADC /* AuthLocalizable.strings */ = {
			isa = PBXVariantGroup;
			children = (
				25DE86632C443F5E00A5EADC /* en */,
				25DE86652C443F5F00A5EADC /* it */,
			);
			name = AuthLocalizable.strings;
			sourceTree = "<group>";
		};
/* End PBXVariantGroup section */

/* Begin XCBuildConfiguration section */
		2502C3102C2FF8FB007089D4 /* Debug */ = {
			isa = XCBuildConfiguration;
			buildSettings = {
				ALWAYS_SEARCH_USER_PATHS = NO;
				ASSETCATALOG_COMPILER_GENERATE_SWIFT_ASSET_SYMBOL_EXTENSIONS = YES;
				CLANG_ANALYZER_LOCALIZABILITY_NONLOCALIZED = YES;
				CLANG_ANALYZER_NONNULL = YES;
				CLANG_ANALYZER_NUMBER_OBJECT_CONVERSION = YES_AGGRESSIVE;
				CLANG_CXX_LANGUAGE_STANDARD = "gnu++20";
				CLANG_ENABLE_MODULES = YES;
				CLANG_ENABLE_OBJC_ARC = YES;
				CLANG_ENABLE_OBJC_WEAK = YES;
				CLANG_WARN_BLOCK_CAPTURE_AUTORELEASING = YES;
				CLANG_WARN_BOOL_CONVERSION = YES;
				CLANG_WARN_COMMA = YES;
				CLANG_WARN_CONSTANT_CONVERSION = YES;
				CLANG_WARN_DEPRECATED_OBJC_IMPLEMENTATIONS = YES;
				CLANG_WARN_DIRECT_OBJC_ISA_USAGE = YES_ERROR;
				CLANG_WARN_DOCUMENTATION_COMMENTS = YES;
				CLANG_WARN_EMPTY_BODY = YES;
				CLANG_WARN_ENUM_CONVERSION = YES;
				CLANG_WARN_INFINITE_RECURSION = YES;
				CLANG_WARN_INT_CONVERSION = YES;
				CLANG_WARN_NON_LITERAL_NULL_CONVERSION = YES;
				CLANG_WARN_OBJC_IMPLICIT_RETAIN_SELF = YES;
				CLANG_WARN_OBJC_LITERAL_CONVERSION = YES;
				CLANG_WARN_OBJC_ROOT_CLASS = YES_ERROR;
				CLANG_WARN_QUOTED_INCLUDE_IN_FRAMEWORK_HEADER = YES;
				CLANG_WARN_RANGE_LOOP_ANALYSIS = YES;
				CLANG_WARN_STRICT_PROTOTYPES = YES;
				CLANG_WARN_SUSPICIOUS_MOVE = YES;
				CLANG_WARN_UNGUARDED_AVAILABILITY = YES_AGGRESSIVE;
				CLANG_WARN_UNREACHABLE_CODE = YES;
				CLANG_WARN__DUPLICATE_METHOD_MATCH = YES;
				COPY_PHASE_STRIP = NO;
				DEBUG_INFORMATION_FORMAT = dwarf;
				ENABLE_STRICT_OBJC_MSGSEND = YES;
				ENABLE_TESTABILITY = YES;
				ENABLE_USER_SCRIPT_SANDBOXING = YES;
				GCC_C_LANGUAGE_STANDARD = gnu17;
				GCC_DYNAMIC_NO_PIC = NO;
				GCC_NO_COMMON_BLOCKS = YES;
				GCC_OPTIMIZATION_LEVEL = 0;
				GCC_PREPROCESSOR_DEFINITIONS = (
					"DEBUG=1",
					"$(inherited)",
				);
				GCC_WARN_64_TO_32_BIT_CONVERSION = YES;
				GCC_WARN_ABOUT_RETURN_TYPE = YES_ERROR;
				GCC_WARN_UNDECLARED_SELECTOR = YES;
				GCC_WARN_UNINITIALIZED_AUTOS = YES_AGGRESSIVE;
				GCC_WARN_UNUSED_FUNCTION = YES;
				GCC_WARN_UNUSED_VARIABLE = YES;
				IPHONEOS_DEPLOYMENT_TARGET = 13.0;
				LOCALIZATION_PREFERS_STRING_CATALOGS = YES;
				MTL_ENABLE_DEBUG_INFO = INCLUDE_SOURCE;
				MTL_FAST_MATH = YES;
				ONLY_ACTIVE_ARCH = YES;
				SDKROOT = iphoneos;
				SWIFT_ACTIVE_COMPILATION_CONDITIONS = "DEBUG $(inherited)";
				SWIFT_OPTIMIZATION_LEVEL = "-Onone";
			};
			name = Debug;
		};
		2502C3112C2FF8FB007089D4 /* Release */ = {
			isa = XCBuildConfiguration;
			buildSettings = {
				ALWAYS_SEARCH_USER_PATHS = NO;
				ASSETCATALOG_COMPILER_GENERATE_SWIFT_ASSET_SYMBOL_EXTENSIONS = YES;
				CLANG_ANALYZER_LOCALIZABILITY_NONLOCALIZED = YES;
				CLANG_ANALYZER_NONNULL = YES;
				CLANG_ANALYZER_NUMBER_OBJECT_CONVERSION = YES_AGGRESSIVE;
				CLANG_CXX_LANGUAGE_STANDARD = "gnu++20";
				CLANG_ENABLE_MODULES = YES;
				CLANG_ENABLE_OBJC_ARC = YES;
				CLANG_ENABLE_OBJC_WEAK = YES;
				CLANG_WARN_BLOCK_CAPTURE_AUTORELEASING = YES;
				CLANG_WARN_BOOL_CONVERSION = YES;
				CLANG_WARN_COMMA = YES;
				CLANG_WARN_CONSTANT_CONVERSION = YES;
				CLANG_WARN_DEPRECATED_OBJC_IMPLEMENTATIONS = YES;
				CLANG_WARN_DIRECT_OBJC_ISA_USAGE = YES_ERROR;
				CLANG_WARN_DOCUMENTATION_COMMENTS = YES;
				CLANG_WARN_EMPTY_BODY = YES;
				CLANG_WARN_ENUM_CONVERSION = YES;
				CLANG_WARN_INFINITE_RECURSION = YES;
				CLANG_WARN_INT_CONVERSION = YES;
				CLANG_WARN_NON_LITERAL_NULL_CONVERSION = YES;
				CLANG_WARN_OBJC_IMPLICIT_RETAIN_SELF = YES;
				CLANG_WARN_OBJC_LITERAL_CONVERSION = YES;
				CLANG_WARN_OBJC_ROOT_CLASS = YES_ERROR;
				CLANG_WARN_QUOTED_INCLUDE_IN_FRAMEWORK_HEADER = YES;
				CLANG_WARN_RANGE_LOOP_ANALYSIS = YES;
				CLANG_WARN_STRICT_PROTOTYPES = YES;
				CLANG_WARN_SUSPICIOUS_MOVE = YES;
				CLANG_WARN_UNGUARDED_AVAILABILITY = YES_AGGRESSIVE;
				CLANG_WARN_UNREACHABLE_CODE = YES;
				CLANG_WARN__DUPLICATE_METHOD_MATCH = YES;
				COPY_PHASE_STRIP = NO;
				DEBUG_INFORMATION_FORMAT = "dwarf-with-dsym";
				ENABLE_NS_ASSERTIONS = NO;
				ENABLE_STRICT_OBJC_MSGSEND = YES;
				ENABLE_USER_SCRIPT_SANDBOXING = YES;
				GCC_C_LANGUAGE_STANDARD = gnu17;
				GCC_NO_COMMON_BLOCKS = YES;
				GCC_WARN_64_TO_32_BIT_CONVERSION = YES;
				GCC_WARN_ABOUT_RETURN_TYPE = YES_ERROR;
				GCC_WARN_UNDECLARED_SELECTOR = YES;
				GCC_WARN_UNINITIALIZED_AUTOS = YES_AGGRESSIVE;
				GCC_WARN_UNUSED_FUNCTION = YES;
				GCC_WARN_UNUSED_VARIABLE = YES;
				IPHONEOS_DEPLOYMENT_TARGET = 13.0;
				LOCALIZATION_PREFERS_STRING_CATALOGS = YES;
				MTL_ENABLE_DEBUG_INFO = NO;
				MTL_FAST_MATH = YES;
				SDKROOT = iphoneos;
				SWIFT_COMPILATION_MODE = wholemodule;
				VALIDATE_PRODUCT = YES;
			};
			name = Release;
		};
		2502C3132C2FF8FB007089D4 /* Debug */ = {
			isa = XCBuildConfiguration;
			buildSettings = {
				ASSETCATALOG_COMPILER_APPICON_NAME = AppIcon;
				ASSETCATALOG_COMPILER_GLOBAL_ACCENT_COLOR_NAME = AccentColor;
				CODE_SIGN_STYLE = Automatic;
				CURRENT_PROJECT_VERSION = 1;
				DEVELOPMENT_TEAM = 74KE6VKKSF;
				GENERATE_INFOPLIST_FILE = YES;
				INFOPLIST_FILE = SampleProject/Resources/Info.plist;
				INFOPLIST_KEY_UIApplicationSupportsIndirectInputEvents = YES;
				INFOPLIST_KEY_UILaunchStoryboardName = LaunchScreen;
				INFOPLIST_KEY_UISupportedInterfaceOrientations_iPad = "UIInterfaceOrientationPortrait UIInterfaceOrientationPortraitUpsideDown UIInterfaceOrientationLandscapeLeft UIInterfaceOrientationLandscapeRight";
				INFOPLIST_KEY_UISupportedInterfaceOrientations_iPhone = "UIInterfaceOrientationPortrait UIInterfaceOrientationLandscapeLeft UIInterfaceOrientationLandscapeRight";
				IPHONEOS_DEPLOYMENT_TARGET = 13.0;
				LD_RUNPATH_SEARCH_PATHS = (
					"$(inherited)",
					"@executable_path/Frameworks",
				);
				MARKETING_VERSION = 1.0;
				PRODUCT_BUNDLE_IDENTIFIER = com.denissvichkarev.SampleProject;
				PRODUCT_NAME = "$(TARGET_NAME)";
				SWIFT_EMIT_LOC_STRINGS = YES;
				SWIFT_VERSION = 5.0;
				TARGETED_DEVICE_FAMILY = "1,2";
			};
			name = Debug;
		};
		2502C3142C2FF8FB007089D4 /* Release */ = {
			isa = XCBuildConfiguration;
			buildSettings = {
				ASSETCATALOG_COMPILER_APPICON_NAME = AppIcon;
				ASSETCATALOG_COMPILER_GLOBAL_ACCENT_COLOR_NAME = AccentColor;
				CODE_SIGN_STYLE = Automatic;
				CURRENT_PROJECT_VERSION = 1;
				DEVELOPMENT_TEAM = 74KE6VKKSF;
				GENERATE_INFOPLIST_FILE = YES;
				INFOPLIST_FILE = SampleProject/Resources/Info.plist;
				INFOPLIST_KEY_UIApplicationSupportsIndirectInputEvents = YES;
				INFOPLIST_KEY_UILaunchStoryboardName = LaunchScreen;
				INFOPLIST_KEY_UISupportedInterfaceOrientations_iPad = "UIInterfaceOrientationPortrait UIInterfaceOrientationPortraitUpsideDown UIInterfaceOrientationLandscapeLeft UIInterfaceOrientationLandscapeRight";
				INFOPLIST_KEY_UISupportedInterfaceOrientations_iPhone = "UIInterfaceOrientationPortrait UIInterfaceOrientationLandscapeLeft UIInterfaceOrientationLandscapeRight";
				IPHONEOS_DEPLOYMENT_TARGET = 13.0;
				LD_RUNPATH_SEARCH_PATHS = (
					"$(inherited)",
					"@executable_path/Frameworks",
				);
				MARKETING_VERSION = 1.0;
				PRODUCT_BUNDLE_IDENTIFIER = com.denissvichkarev.SampleProject;
				PRODUCT_NAME = "$(TARGET_NAME)";
				SWIFT_EMIT_LOC_STRINGS = YES;
				SWIFT_VERSION = 5.0;
				TARGETED_DEVICE_FAMILY = "1,2";
			};
			name = Release;
		};
		2502C3162C2FF8FB007089D4 /* Debug */ = {
			isa = XCBuildConfiguration;
			buildSettings = {
				ALWAYS_EMBED_SWIFT_STANDARD_LIBRARIES = YES;
				BUNDLE_LOADER = "$(TEST_HOST)";
				CODE_SIGN_STYLE = Automatic;
				CURRENT_PROJECT_VERSION = 1;
				DEVELOPMENT_TEAM = 74KE6VKKSF;
				GENERATE_INFOPLIST_FILE = YES;
				IPHONEOS_DEPLOYMENT_TARGET = 17.2;
				MARKETING_VERSION = 1.0;
				PRODUCT_BUNDLE_IDENTIFIER = com.denissvichkarev.SampleProjectTests;
				PRODUCT_NAME = "$(TARGET_NAME)";
				SWIFT_EMIT_LOC_STRINGS = NO;
				SWIFT_VERSION = 5.0;
				TARGETED_DEVICE_FAMILY = "1,2";
				TEST_HOST = "$(BUILT_PRODUCTS_DIR)/SampleProject Swift.app/$(BUNDLE_EXECUTABLE_FOLDER_PATH)/SampleProject Swift";
			};
			name = Debug;
		};
		2502C3172C2FF8FB007089D4 /* Release */ = {
			isa = XCBuildConfiguration;
			buildSettings = {
				ALWAYS_EMBED_SWIFT_STANDARD_LIBRARIES = YES;
				BUNDLE_LOADER = "$(TEST_HOST)";
				CODE_SIGN_STYLE = Automatic;
				CURRENT_PROJECT_VERSION = 1;
				DEVELOPMENT_TEAM = 74KE6VKKSF;
				GENERATE_INFOPLIST_FILE = YES;
				IPHONEOS_DEPLOYMENT_TARGET = 17.2;
				MARKETING_VERSION = 1.0;
				PRODUCT_BUNDLE_IDENTIFIER = com.denissvichkarev.SampleProjectTests;
				PRODUCT_NAME = "$(TARGET_NAME)";
				SWIFT_EMIT_LOC_STRINGS = NO;
				SWIFT_VERSION = 5.0;
				TARGETED_DEVICE_FAMILY = "1,2";
				TEST_HOST = "$(BUILT_PRODUCTS_DIR)/SampleProject Swift.app/$(BUNDLE_EXECUTABLE_FOLDER_PATH)/SampleProject Swift";
			};
			name = Release;
		};
		2502C3192C2FF8FB007089D4 /* Debug */ = {
			isa = XCBuildConfiguration;
			buildSettings = {
				ALWAYS_EMBED_SWIFT_STANDARD_LIBRARIES = YES;
				CODE_SIGN_STYLE = Automatic;
				CURRENT_PROJECT_VERSION = 1;
				DEVELOPMENT_TEAM = 74KE6VKKSF;
				GENERATE_INFOPLIST_FILE = YES;
				MARKETING_VERSION = 1.0;
				PRODUCT_BUNDLE_IDENTIFIER = com.denissvichkarev.SampleProjectUITests;
				PRODUCT_NAME = "$(TARGET_NAME)";
				SWIFT_EMIT_LOC_STRINGS = NO;
				SWIFT_VERSION = 5.0;
				TARGETED_DEVICE_FAMILY = "1,2";
				TEST_TARGET_NAME = SampleProject;
			};
			name = Debug;
		};
		2502C31A2C2FF8FB007089D4 /* Release */ = {
			isa = XCBuildConfiguration;
			buildSettings = {
				ALWAYS_EMBED_SWIFT_STANDARD_LIBRARIES = YES;
				CODE_SIGN_STYLE = Automatic;
				CURRENT_PROJECT_VERSION = 1;
				DEVELOPMENT_TEAM = 74KE6VKKSF;
				GENERATE_INFOPLIST_FILE = YES;
				MARKETING_VERSION = 1.0;
				PRODUCT_BUNDLE_IDENTIFIER = com.denissvichkarev.SampleProjectUITests;
				PRODUCT_NAME = "$(TARGET_NAME)";
				SWIFT_EMIT_LOC_STRINGS = NO;
				SWIFT_VERSION = 5.0;
				TARGETED_DEVICE_FAMILY = "1,2";
				TEST_TARGET_NAME = SampleProject;
			};
			name = Release;
		};
/* End XCBuildConfiguration section */

/* Begin XCConfigurationList section */
		2502C2E02C2FF8F9007089D4 /* Build configuration list for PBXProject "SampleProject Swift" */ = {
			isa = XCConfigurationList;
			buildConfigurations = (
				2502C3102C2FF8FB007089D4 /* Debug */,
				2502C3112C2FF8FB007089D4 /* Release */,
			);
			defaultConfigurationIsVisible = 0;
			defaultConfigurationName = Release;
		};
		2502C3122C2FF8FB007089D4 /* Build configuration list for PBXNativeTarget "SampleProject Swift" */ = {
			isa = XCConfigurationList;
			buildConfigurations = (
				2502C3132C2FF8FB007089D4 /* Debug */,
				2502C3142C2FF8FB007089D4 /* Release */,
			);
			defaultConfigurationIsVisible = 0;
			defaultConfigurationName = Release;
		};
		2502C3152C2FF8FB007089D4 /* Build configuration list for PBXNativeTarget "SampleProject SwiftTests" */ = {
			isa = XCConfigurationList;
			buildConfigurations = (
				2502C3162C2FF8FB007089D4 /* Debug */,
				2502C3172C2FF8FB007089D4 /* Release */,
			);
			defaultConfigurationIsVisible = 0;
			defaultConfigurationName = Release;
		};
		2502C3182C2FF8FB007089D4 /* Build configuration list for PBXNativeTarget "SampleProject SwiftUITests" */ = {
			isa = XCConfigurationList;
			buildConfigurations = (
				2502C3192C2FF8FB007089D4 /* Debug */,
				2502C31A2C2FF8FB007089D4 /* Release */,
			);
			defaultConfigurationIsVisible = 0;
			defaultConfigurationName = Release;
		};
/* End XCConfigurationList section */

/* Begin XCVersionGroup section */
		2502C2F12C2FF8F9007089D4 /* SampleProject.xcdatamodeld */ = {
			isa = XCVersionGroup;
			children = (
				2502C2F22C2FF8F9007089D4 /* SampleProject.xcdatamodel */,
			);
			currentVersion = 2502C2F22C2FF8F9007089D4 /* SampleProject.xcdatamodel */;
			path = SampleProject.xcdatamodeld;
			sourceTree = "<group>";
			versionGroupType = wrapper.xcdatamodel;
		};
/* End XCVersionGroup section */
	};
	rootObject = 2502C2DD2C2FF8F9007089D4 /* Project object */;
}
