// !$*UTF8*$!
{
	archiveVersion = 1;
	classes = {
	};
	objectVersion = 56;
	objects = {

/* Begin PBXBuildFile section */
		2502C2E92C2FF8F9007089D4 /* AppDelegate.swift in Sources */ = {isa = PBXBuildFile; fileRef = 2502C2E82C2FF8F9007089D4 /* AppDelegate.swift */; };
		2502C2EB2C2FF8F9007089D4 /* SceneDelegate.swift in Sources */ = {isa = PBXBuildFile; fileRef = 2502C2EA2C2FF8F9007089D4 /* SceneDelegate.swift */; };
		2502C2F02C2FF8F9007089D4 /* AuthStoryboard.storyboard in Resources */ = {isa = PBXBuildFile; fileRef = 2502C2EE2C2FF8F9007089D4 /* AuthStoryboard.storyboard */; };
		2502C2F32C2FF8F9007089D4 /* SampleProject.xcdatamodeld in Sources */ = {isa = PBXBuildFile; fileRef = 2502C2F12C2FF8F9007089D4 /* SampleProject.xcdatamodeld */; };
		2502C2F52C2FF8FB007089D4 /* Assets.xcassets in Resources */ = {isa = PBXBuildFile; fileRef = 2502C2F42C2FF8FB007089D4 /* Assets.xcassets */; };
		2502C2F82C2FF8FB007089D4 /* LaunchScreen.storyboard in Resources */ = {isa = PBXBuildFile; fileRef = 2502C2F62C2FF8FB007089D4 /* LaunchScreen.storyboard */; };
		2502C3032C2FF8FB007089D4 /* SampleProjectTests.swift in Sources */ = {isa = PBXBuildFile; fileRef = 2502C3022C2FF8FB007089D4 /* SampleProjectTests.swift */; };
		2502C30D2C2FF8FB007089D4 /* SampleProjectUITests.swift in Sources */ = {isa = PBXBuildFile; fileRef = 2502C30C2C2FF8FB007089D4 /* SampleProjectUITests.swift */; };
		2502C30F2C2FF8FB007089D4 /* SampleProjectUITestsLaunchTests.swift in Sources */ = {isa = PBXBuildFile; fileRef = 2502C30E2C2FF8FB007089D4 /* SampleProjectUITestsLaunchTests.swift */; };
		2502C3282C301C7E007089D4 /* User.swift in Sources */ = {isa = PBXBuildFile; fileRef = 2502C3272C301C7E007089D4 /* User.swift */; };
		2502C32A2C301C9C007089D4 /* UserViewModel.swift in Sources */ = {isa = PBXBuildFile; fileRef = 2502C3292C301C9C007089D4 /* UserViewModel.swift */; };
		2502C32C2C301CEE007089D4 /* AuthCoordinator.swift in Sources */ = {isa = PBXBuildFile; fileRef = 2502C32B2C301CEE007089D4 /* AuthCoordinator.swift */; };
		2502C32F2C301D37007089D4 /* LoginViewController.swift in Sources */ = {isa = PBXBuildFile; fileRef = 2502C32E2C301D37007089D4 /* LoginViewController.swift */; };
		2502C3312C301D6A007089D4 /* RegisterViewController.swift in Sources */ = {isa = PBXBuildFile; fileRef = 2502C3302C301D6A007089D4 /* RegisterViewController.swift */; };
		2502C3352C302499007089D4 /* InformationView.swift in Sources */ = {isa = PBXBuildFile; fileRef = 2502C3342C302499007089D4 /* InformationView.swift */; };
		2502C3372C3098CD007089D4 /* DataService.swift in Sources */ = {isa = PBXBuildFile; fileRef = 2502C3362C3098CD007089D4 /* DataService.swift */; };
		2502C3392C309DEB007089D4 /* HomeStoryboard.storyboard in Resources */ = {isa = PBXBuildFile; fileRef = 2502C3382C309DEB007089D4 /* HomeStoryboard.storyboard */; };
		2502C33B2C309E09007089D4 /* HomeViewController.swift in Sources */ = {isa = PBXBuildFile; fileRef = 2502C33A2C309E09007089D4 /* HomeViewController.swift */; };
		2502C33E2C309E7E007089D4 /* HomeCoordinator.swift in Sources */ = {isa = PBXBuildFile; fileRef = 2502C33D2C309E7E007089D4 /* HomeCoordinator.swift */; };
		2502C3402C315CC2007089D4 /* LoadingViewController.swift in Sources */ = {isa = PBXBuildFile; fileRef = 2502C33F2C315CC2007089D4 /* LoadingViewController.swift */; };
		2502C3442C31CEDA007089D4 /* LoadingViewController.xib in Resources */ = {isa = PBXBuildFile; fileRef = 2502C3432C31CEDA007089D4 /* LoadingViewController.xib */; };
/* End PBXBuildFile section */

/* Begin PBXContainerItemProxy section */
		2502C2FF2C2FF8FB007089D4 /* PBXContainerItemProxy */ = {
			isa = PBXContainerItemProxy;
			containerPortal = 2502C2DD2C2FF8F9007089D4 /* Project object */;
			proxyType = 1;
			remoteGlobalIDString = 2502C2E42C2FF8F9007089D4;
			remoteInfo = SampleProject;
		};
		2502C3092C2FF8FB007089D4 /* PBXContainerItemProxy */ = {
			isa = PBXContainerItemProxy;
			containerPortal = 2502C2DD2C2FF8F9007089D4 /* Project object */;
			proxyType = 1;
			remoteGlobalIDString = 2502C2E42C2FF8F9007089D4;
			remoteInfo = SampleProject;
		};
/* End PBXContainerItemProxy section */

/* Begin PBXFileReference section */
		2502C2E52C2FF8F9007089D4 /* SampleProject.app */ = {isa = PBXFileReference; explicitFileType = wrapper.application; includeInIndex = 0; path = SampleProject.app; sourceTree = BUILT_PRODUCTS_DIR; };
		2502C2E82C2FF8F9007089D4 /* AppDelegate.swift */ = {isa = PBXFileReference; lastKnownFileType = sourcecode.swift; path = AppDelegate.swift; sourceTree = "<group>"; };
		2502C2EA2C2FF8F9007089D4 /* SceneDelegate.swift */ = {isa = PBXFileReference; lastKnownFileType = sourcecode.swift; path = SceneDelegate.swift; sourceTree = "<group>"; };
		2502C2EF2C2FF8F9007089D4 /* Base */ = {isa = PBXFileReference; lastKnownFileType = file.storyboard; name = Base; path = Base.lproj/AuthStoryboard.storyboard; sourceTree = "<group>"; };
		2502C2F22C2FF8F9007089D4 /* SampleProject.xcdatamodel */ = {isa = PBXFileReference; lastKnownFileType = wrapper.xcdatamodel; path = SampleProject.xcdatamodel; sourceTree = "<group>"; };
		2502C2F42C2FF8FB007089D4 /* Assets.xcassets */ = {isa = PBXFileReference; lastKnownFileType = folder.assetcatalog; path = Assets.xcassets; sourceTree = "<group>"; };
		2502C2F72C2FF8FB007089D4 /* Base */ = {isa = PBXFileReference; lastKnownFileType = file.storyboard; name = Base; path = Base.lproj/LaunchScreen.storyboard; sourceTree = "<group>"; };
		2502C2F92C2FF8FB007089D4 /* Info.plist */ = {isa = PBXFileReference; lastKnownFileType = text.plist.xml; path = Info.plist; sourceTree = "<group>"; };
		2502C2FE2C2FF8FB007089D4 /* SampleProjectTests.xctest */ = {isa = PBXFileReference; explicitFileType = wrapper.cfbundle; includeInIndex = 0; path = SampleProjectTests.xctest; sourceTree = BUILT_PRODUCTS_DIR; };
		2502C3022C2FF8FB007089D4 /* SampleProjectTests.swift */ = {isa = PBXFileReference; lastKnownFileType = sourcecode.swift; path = SampleProjectTests.swift; sourceTree = "<group>"; };
		2502C3082C2FF8FB007089D4 /* SampleProjectUITests.xctest */ = {isa = PBXFileReference; explicitFileType = wrapper.cfbundle; includeInIndex = 0; path = SampleProjectUITests.xctest; sourceTree = BUILT_PRODUCTS_DIR; };
		2502C30C2C2FF8FB007089D4 /* SampleProjectUITests.swift */ = {isa = PBXFileReference; lastKnownFileType = sourcecode.swift; path = SampleProjectUITests.swift; sourceTree = "<group>"; };
		2502C30E2C2FF8FB007089D4 /* SampleProjectUITestsLaunchTests.swift */ = {isa = PBXFileReference; lastKnownFileType = sourcecode.swift; path = SampleProjectUITestsLaunchTests.swift; sourceTree = "<group>"; };
		2502C3272C301C7E007089D4 /* User.swift */ = {isa = PBXFileReference; lastKnownFileType = sourcecode.swift; path = User.swift; sourceTree = "<group>"; };
		2502C3292C301C9C007089D4 /* UserViewModel.swift */ = {isa = PBXFileReference; lastKnownFileType = sourcecode.swift; path = UserViewModel.swift; sourceTree = "<group>"; };
		2502C32B2C301CEE007089D4 /* AuthCoordinator.swift */ = {isa = PBXFileReference; lastKnownFileType = sourcecode.swift; path = AuthCoordinator.swift; sourceTree = "<group>"; };
		2502C32E2C301D37007089D4 /* LoginViewController.swift */ = {isa = PBXFileReference; lastKnownFileType = sourcecode.swift; path = LoginViewController.swift; sourceTree = "<group>"; };
		2502C3302C301D6A007089D4 /* RegisterViewController.swift */ = {isa = PBXFileReference; lastKnownFileType = sourcecode.swift; path = RegisterViewController.swift; sourceTree = "<group>"; };
		2502C3342C302499007089D4 /* InformationView.swift */ = {isa = PBXFileReference; lastKnownFileType = sourcecode.swift; path = InformationView.swift; sourceTree = "<group>"; };
		2502C3362C3098CD007089D4 /* DataService.swift */ = {isa = PBXFileReference; lastKnownFileType = sourcecode.swift; path = DataService.swift; sourceTree = "<group>"; };
		2502C3382C309DEB007089D4 /* HomeStoryboard.storyboard */ = {isa = PBXFileReference; lastKnownFileType = file.storyboard; path = HomeStoryboard.storyboard; sourceTree = "<group>"; };
		2502C33A2C309E09007089D4 /* HomeViewController.swift */ = {isa = PBXFileReference; lastKnownFileType = sourcecode.swift; path = HomeViewController.swift; sourceTree = "<group>"; };
		2502C33D2C309E7E007089D4 /* HomeCoordinator.swift */ = {isa = PBXFileReference; lastKnownFileType = sourcecode.swift; path = HomeCoordinator.swift; sourceTree = "<group>"; };
		2502C33F2C315CC2007089D4 /* LoadingViewController.swift */ = {isa = PBXFileReference; lastKnownFileType = sourcecode.swift; path = LoadingViewController.swift; sourceTree = "<group>"; };
		2502C3432C31CEDA007089D4 /* LoadingViewController.xib */ = {isa = PBXFileReference; lastKnownFileType = file.xib; path = LoadingViewController.xib; sourceTree = "<group>"; };
/* End PBXFileReference section */

/* Begin PBXFrameworksBuildPhase section */
		2502C2E22C2FF8F9007089D4 /* Frameworks */ = {
			isa = PBXFrameworksBuildPhase;
			buildActionMask = 2147483647;
			files = (
			);
			runOnlyForDeploymentPostprocessing = 0;
		};
		2502C2FB2C2FF8FB007089D4 /* Frameworks */ = {
			isa = PBXFrameworksBuildPhase;
			buildActionMask = 2147483647;
			files = (
			);
			runOnlyForDeploymentPostprocessing = 0;
		};
		2502C3052C2FF8FB007089D4 /* Frameworks */ = {
			isa = PBXFrameworksBuildPhase;
			buildActionMask = 2147483647;
			files = (
			);
			runOnlyForDeploymentPostprocessing = 0;
		};
/* End PBXFrameworksBuildPhase section */

/* Begin PBXGroup section */
		2502C2DC2C2FF8F9007089D4 = {
			isa = PBXGroup;
			children = (
				2502C2E72C2FF8F9007089D4 /* SampleProject */,
				2502C3012C2FF8FB007089D4 /* SampleProjectTests */,
				2502C30B2C2FF8FB007089D4 /* SampleProjectUITests */,
				2502C2E62C2FF8F9007089D4 /* Products */,
			);
			sourceTree = "<group>";
		};
		2502C2E62C2FF8F9007089D4 /* Products */ = {
			isa = PBXGroup;
			children = (
				2502C2E52C2FF8F9007089D4 /* SampleProject.app */,
				2502C2FE2C2FF8FB007089D4 /* SampleProjectTests.xctest */,
				2502C3082C2FF8FB007089D4 /* SampleProjectUITests.xctest */,
			);
			name = Products;
			sourceTree = "<group>";
		};
		2502C2E72C2FF8F9007089D4 /* SampleProject */ = {
			isa = PBXGroup;
			children = (
				2502C3322C302023007089D4 /* App */,
				2502C31B2C2FFAA6007089D4 /* Models */,
				2502C31C2C2FFAAD007089D4 /* Views */,
				2502C31F2C2FFAC9007089D4 /* ViewModels */,
				2502C3202C2FFAD0007089D4 /* Coordinators */,
				2502C3212C2FFADA007089D4 /* Services */,
				2502C3222C2FFAE1007089D4 /* Resources */,
				2502C3232C2FFAED007089D4 /* SupportingFiles */,
			);
			path = SampleProject;
			sourceTree = "<group>";
		};
		2502C3012C2FF8FB007089D4 /* SampleProjectTests */ = {
			isa = PBXGroup;
			children = (
				2502C3022C2FF8FB007089D4 /* SampleProjectTests.swift */,
			);
			path = SampleProjectTests;
			sourceTree = "<group>";
		};
		2502C30B2C2FF8FB007089D4 /* SampleProjectUITests */ = {
			isa = PBXGroup;
			children = (
				2502C30C2C2FF8FB007089D4 /* SampleProjectUITests.swift */,
				2502C30E2C2FF8FB007089D4 /* SampleProjectUITestsLaunchTests.swift */,
			);
			path = SampleProjectUITests;
			sourceTree = "<group>";
		};
		2502C31B2C2FFAA6007089D4 /* Models */ = {
			isa = PBXGroup;
			children = (
				2502C3272C301C7E007089D4 /* User.swift */,
			);
			path = Models;
			sourceTree = "<group>";
		};
		2502C31C2C2FFAAD007089D4 /* Views */ = {
			isa = PBXGroup;
			children = (
				2502C32D2C301D17007089D4 /* AuthViews */,
				2502C33C2C309E0F007089D4 /* HomeViews */,
				2502C31E2C2FFABF007089D4 /* CustomViews */,
			);
			path = Views;
			sourceTree = "<group>";
		};
		2502C31E2C2FFABF007089D4 /* CustomViews */ = {
			isa = PBXGroup;
			children = (
				2502C3342C302499007089D4 /* InformationView.swift */,
			);
			path = CustomViews;
			sourceTree = "<group>";
		};
		2502C31F2C2FFAC9007089D4 /* ViewModels */ = {
			isa = PBXGroup;
			children = (
				2502C3292C301C9C007089D4 /* UserViewModel.swift */,
			);
			path = ViewModels;
			sourceTree = "<group>";
		};
		2502C3202C2FFAD0007089D4 /* Coordinators */ = {
			isa = PBXGroup;
			children = (
				2502C32B2C301CEE007089D4 /* AuthCoordinator.swift */,
				2502C33D2C309E7E007089D4 /* HomeCoordinator.swift */,
			);
			path = Coordinators;
			sourceTree = "<group>";
		};
		2502C3212C2FFADA007089D4 /* Services */ = {
			isa = PBXGroup;
			children = (
				2502C3362C3098CD007089D4 /* DataService.swift */,
			);
			path = Services;
			sourceTree = "<group>";
		};
		2502C3222C2FFAE1007089D4 /* Resources */ = {
			isa = PBXGroup;
			children = (
				2502C2F92C2FF8FB007089D4 /* Info.plist */,
				2502C2F42C2FF8FB007089D4 /* Assets.xcassets */,
				2502C3242C2FFB31007089D4 /* Storyboards */,
				2502C3252C2FFB3E007089D4 /* XIBs */,
				2502C3262C2FFC2C007089D4 /* CoreData */,
			);
			path = Resources;
			sourceTree = "<group>";
		};
		2502C3232C2FFAED007089D4 /* SupportingFiles */ = {
			isa = PBXGroup;
			children = (
			);
			path = SupportingFiles;
			sourceTree = "<group>";
		};
		2502C3242C2FFB31007089D4 /* Storyboards */ = {
			isa = PBXGroup;
			children = (
				2502C2F62C2FF8FB007089D4 /* LaunchScreen.storyboard */,
				2502C2EE2C2FF8F9007089D4 /* AuthStoryboard.storyboard */,
				2502C3382C309DEB007089D4 /* HomeStoryboard.storyboard */,
			);
			path = Storyboards;
			sourceTree = "<group>";
		};
		2502C3252C2FFB3E007089D4 /* XIBs */ = {
			isa = PBXGroup;
			children = (
				2502C3432C31CEDA007089D4 /* LoadingViewController.xib */,
			);
			path = XIBs;
			sourceTree = "<group>";
		};
		2502C3262C2FFC2C007089D4 /* CoreData */ = {
			isa = PBXGroup;
			children = (
				2502C2F12C2FF8F9007089D4 /* SampleProject.xcdatamodeld */,
			);
			path = CoreData;
			sourceTree = "<group>";
		};
		2502C32D2C301D17007089D4 /* AuthViews */ = {
			isa = PBXGroup;
			children = (
				2502C33F2C315CC2007089D4 /* LoadingViewController.swift */,
				2502C32E2C301D37007089D4 /* LoginViewController.swift */,
				2502C3302C301D6A007089D4 /* RegisterViewController.swift */,
			);
			path = AuthViews;
			sourceTree = "<group>";
		};
		2502C3322C302023007089D4 /* App */ = {
			isa = PBXGroup;
			children = (
				2502C2E82C2FF8F9007089D4 /* AppDelegate.swift */,
				2502C2EA2C2FF8F9007089D4 /* SceneDelegate.swift */,
			);
			path = App;
			sourceTree = "<group>";
		};
		2502C33C2C309E0F007089D4 /* HomeViews */ = {
			isa = PBXGroup;
			children = (
				2502C33A2C309E09007089D4 /* HomeViewController.swift */,
			);
			path = HomeViews;
			sourceTree = "<group>";
		};
/* End PBXGroup section */

/* Begin PBXNativeTarget section */
		2502C2E42C2FF8F9007089D4 /* SampleProject */ = {
			isa = PBXNativeTarget;
			buildConfigurationList = 2502C3122C2FF8FB007089D4 /* Build configuration list for PBXNativeTarget "SampleProject" */;
			buildPhases = (
				2502C2E12C2FF8F9007089D4 /* Sources */,
				2502C2E22C2FF8F9007089D4 /* Frameworks */,
				2502C2E32C2FF8F9007089D4 /* Resources */,
			);
			buildRules = (
			);
			dependencies = (
			);
			name = SampleProject;
			productName = SampleProject;
			productReference = 2502C2E52C2FF8F9007089D4 /* SampleProject.app */;
			productType = "com.apple.product-type.application";
		};
		2502C2FD2C2FF8FB007089D4 /* SampleProjectTests */ = {
			isa = PBXNativeTarget;
			buildConfigurationList = 2502C3152C2FF8FB007089D4 /* Build configuration list for PBXNativeTarget "SampleProjectTests" */;
			buildPhases = (
				2502C2FA2C2FF8FB007089D4 /* Sources */,
				2502C2FB2C2FF8FB007089D4 /* Frameworks */,
				2502C2FC2C2FF8FB007089D4 /* Resources */,
			);
			buildRules = (
			);
			dependencies = (
				2502C3002C2FF8FB007089D4 /* PBXTargetDependency */,
			);
			name = SampleProjectTests;
			productName = SampleProjectTests;
			productReference = 2502C2FE2C2FF8FB007089D4 /* SampleProjectTests.xctest */;
			productType = "com.apple.product-type.bundle.unit-test";
		};
		2502C3072C2FF8FB007089D4 /* SampleProjectUITests */ = {
			isa = PBXNativeTarget;
			buildConfigurationList = 2502C3182C2FF8FB007089D4 /* Build configuration list for PBXNativeTarget "SampleProjectUITests" */;
			buildPhases = (
				2502C3042C2FF8FB007089D4 /* Sources */,
				2502C3052C2FF8FB007089D4 /* Frameworks */,
				2502C3062C2FF8FB007089D4 /* Resources */,
			);
			buildRules = (
			);
			dependencies = (
				2502C30A2C2FF8FB007089D4 /* PBXTargetDependency */,
			);
			name = SampleProjectUITests;
			productName = SampleProjectUITests;
			productReference = 2502C3082C2FF8FB007089D4 /* SampleProjectUITests.xctest */;
			productType = "com.apple.product-type.bundle.ui-testing";
		};
/* End PBXNativeTarget section */

/* Begin PBXProject section */
		2502C2DD2C2FF8F9007089D4 /* Project object */ = {
			isa = PBXProject;
			attributes = {
				BuildIndependentTargetsInParallel = 1;
				LastSwiftUpdateCheck = 1520;
				LastUpgradeCheck = 1520;
				TargetAttributes = {
					2502C2E42C2FF8F9007089D4 = {
						CreatedOnToolsVersion = 15.2;
					};
					2502C2FD2C2FF8FB007089D4 = {
						CreatedOnToolsVersion = 15.2;
						TestTargetID = 2502C2E42C2FF8F9007089D4;
					};
					2502C3072C2FF8FB007089D4 = {
						CreatedOnToolsVersion = 15.2;
						TestTargetID = 2502C2E42C2FF8F9007089D4;
					};
				};
			};
			buildConfigurationList = 2502C2E02C2FF8F9007089D4 /* Build configuration list for PBXProject "SampleProject" */;
			compatibilityVersion = "Xcode 14.0";
			developmentRegion = en;
			hasScannedForEncodings = 0;
			knownRegions = (
				en,
				Base,
			);
			mainGroup = 2502C2DC2C2FF8F9007089D4;
			productRefGroup = 2502C2E62C2FF8F9007089D4 /* Products */;
			projectDirPath = "";
			projectRoot = "";
			targets = (
				2502C2E42C2FF8F9007089D4 /* SampleProject */,
				2502C2FD2C2FF8FB007089D4 /* SampleProjectTests */,
				2502C3072C2FF8FB007089D4 /* SampleProjectUITests */,
			);
		};
/* End PBXProject section */

/* Begin PBXResourcesBuildPhase section */
		2502C2E32C2FF8F9007089D4 /* Resources */ = {
			isa = PBXResourcesBuildPhase;
			buildActionMask = 2147483647;
			files = (
				2502C2F82C2FF8FB007089D4 /* LaunchScreen.storyboard in Resources */,
				2502C2F52C2FF8FB007089D4 /* Assets.xcassets in Resources */,
				2502C3392C309DEB007089D4 /* HomeStoryboard.storyboard in Resources */,
				2502C3442C31CEDA007089D4 /* LoadingViewController.xib in Resources */,
				2502C2F02C2FF8F9007089D4 /* AuthStoryboard.storyboard in Resources */,
			);
			runOnlyForDeploymentPostprocessing = 0;
		};
		2502C2FC2C2FF8FB007089D4 /* Resources */ = {
			isa = PBXResourcesBuildPhase;
			buildActionMask = 2147483647;
			files = (
			);
			runOnlyForDeploymentPostprocessing = 0;
		};
		2502C3062C2FF8FB007089D4 /* Resources */ = {
			isa = PBXResourcesBuildPhase;
			buildActionMask = 2147483647;
			files = (
			);
			runOnlyForDeploymentPostprocessing = 0;
		};
/* End PBXResourcesBuildPhase section */

/* Begin PBXSourcesBuildPhase section */
		2502C2E12C2FF8F9007089D4 /* Sources */ = {
			isa = PBXSourcesBuildPhase;
			buildActionMask = 2147483647;
			files = (
				2502C3312C301D6A007089D4 /* RegisterViewController.swift in Sources */,
				2502C2E92C2FF8F9007089D4 /* AppDelegate.swift in Sources */,
				2502C32A2C301C9C007089D4 /* UserViewModel.swift in Sources */,
				2502C2EB2C2FF8F9007089D4 /* SceneDelegate.swift in Sources */,
				2502C32C2C301CEE007089D4 /* AuthCoordinator.swift in Sources */,
				2502C33E2C309E7E007089D4 /* HomeCoordinator.swift in Sources */,
				2502C3282C301C7E007089D4 /* User.swift in Sources */,
				2502C3352C302499007089D4 /* InformationView.swift in Sources */,
				2502C33B2C309E09007089D4 /* HomeViewController.swift in Sources */,
				2502C32F2C301D37007089D4 /* LoginViewController.swift in Sources */,
				2502C2F32C2FF8F9007089D4 /* SampleProject.xcdatamodeld in Sources */,
				2502C3402C315CC2007089D4 /* LoadingViewController.swift in Sources */,
				2502C3372C3098CD007089D4 /* DataService.swift in Sources */,
			);
			runOnlyForDeploymentPostprocessing = 0;
		};
		2502C2FA2C2FF8FB007089D4 /* Sources */ = {
			isa = PBXSourcesBuildPhase;
			buildActionMask = 2147483647;
			files = (
				2502C3032C2FF8FB007089D4 /* SampleProjectTests.swift in Sources */,
			);
			runOnlyForDeploymentPostprocessing = 0;
		};
		2502C3042C2FF8FB007089D4 /* Sources */ = {
			isa = PBXSourcesBuildPhase;
			buildActionMask = 2147483647;
			files = (
				2502C30F2C2FF8FB007089D4 /* SampleProjectUITestsLaunchTests.swift in Sources */,
				2502C30D2C2FF8FB007089D4 /* SampleProjectUITests.swift in Sources */,
			);
			runOnlyForDeploymentPostprocessing = 0;
		};
/* End PBXSourcesBuildPhase section */

/* Begin PBXTargetDependency section */
		2502C3002C2FF8FB007089D4 /* PBXTargetDependency */ = {
			isa = PBXTargetDependency;
			target = 2502C2E42C2FF8F9007089D4 /* SampleProject */;
			targetProxy = 2502C2FF2C2FF8FB007089D4 /* PBXContainerItemProxy */;
		};
		2502C30A2C2FF8FB007089D4 /* PBXTargetDependency */ = {
			isa = PBXTargetDependency;
			target = 2502C2E42C2FF8F9007089D4 /* SampleProject */;
			targetProxy = 2502C3092C2FF8FB007089D4 /* PBXContainerItemProxy */;
		};
/* End PBXTargetDependency section */

/* Begin PBXVariantGroup section */
		2502C2EE2C2FF8F9007089D4 /* AuthStoryboard.storyboard */ = {
			isa = PBXVariantGroup;
			children = (
				2502C2EF2C2FF8F9007089D4 /* Base */,
			);
			name = AuthStoryboard.storyboard;
			sourceTree = "<group>";
		};
		2502C2F62C2FF8FB007089D4 /* LaunchScreen.storyboard */ = {
			isa = PBXVariantGroup;
			children = (
				2502C2F72C2FF8FB007089D4 /* Base */,
			);
			name = LaunchScreen.storyboard;
			sourceTree = "<group>";
		};
/* End PBXVariantGroup section */

/* Begin XCBuildConfiguration section */
		2502C3102C2FF8FB007089D4 /* Debug */ = {
			isa = XCBuildConfiguration;
			buildSettings = {
				ALWAYS_SEARCH_USER_PATHS = NO;
				ASSETCATALOG_COMPILER_GENERATE_SWIFT_ASSET_SYMBOL_EXTENSIONS = YES;
				CLANG_ANALYZER_NONNULL = YES;
				CLANG_ANALYZER_NUMBER_OBJECT_CONVERSION = YES_AGGRESSIVE;
				CLANG_CXX_LANGUAGE_STANDARD = "gnu++20";
				CLANG_ENABLE_MODULES = YES;
				CLANG_ENABLE_OBJC_ARC = YES;
				CLANG_ENABLE_OBJC_WEAK = YES;
				CLANG_WARN_BLOCK_CAPTURE_AUTORELEASING = YES;
				CLANG_WARN_BOOL_CONVERSION = YES;
				CLANG_WARN_COMMA = YES;
				CLANG_WARN_CONSTANT_CONVERSION = YES;
				CLANG_WARN_DEPRECATED_OBJC_IMPLEMENTATIONS = YES;
				CLANG_WARN_DIRECT_OBJC_ISA_USAGE = YES_ERROR;
				CLANG_WARN_DOCUMENTATION_COMMENTS = YES;
				CLANG_WARN_EMPTY_BODY = YES;
				CLANG_WARN_ENUM_CONVERSION = YES;
				CLANG_WARN_INFINITE_RECURSION = YES;
				CLANG_WARN_INT_CONVERSION = YES;
				CLANG_WARN_NON_LITERAL_NULL_CONVERSION = YES;
				CLANG_WARN_OBJC_IMPLICIT_RETAIN_SELF = YES;
				CLANG_WARN_OBJC_LITERAL_CONVERSION = YES;
				CLANG_WARN_OBJC_ROOT_CLASS = YES_ERROR;
				CLANG_WARN_QUOTED_INCLUDE_IN_FRAMEWORK_HEADER = YES;
				CLANG_WARN_RANGE_LOOP_ANALYSIS = YES;
				CLANG_WARN_STRICT_PROTOTYPES = YES;
				CLANG_WARN_SUSPICIOUS_MOVE = YES;
				CLANG_WARN_UNGUARDED_AVAILABILITY = YES_AGGRESSIVE;
				CLANG_WARN_UNREACHABLE_CODE = YES;
				CLANG_WARN__DUPLICATE_METHOD_MATCH = YES;
				COPY_PHASE_STRIP = NO;
				DEBUG_INFORMATION_FORMAT = dwarf;
				ENABLE_STRICT_OBJC_MSGSEND = YES;
				ENABLE_TESTABILITY = YES;
				ENABLE_USER_SCRIPT_SANDBOXING = YES;
				GCC_C_LANGUAGE_STANDARD = gnu17;
				GCC_DYNAMIC_NO_PIC = NO;
				GCC_NO_COMMON_BLOCKS = YES;
				GCC_OPTIMIZATION_LEVEL = 0;
				GCC_PREPROCESSOR_DEFINITIONS = (
					"DEBUG=1",
					"$(inherited)",
				);
				GCC_WARN_64_TO_32_BIT_CONVERSION = YES;
				GCC_WARN_ABOUT_RETURN_TYPE = YES_ERROR;
				GCC_WARN_UNDECLARED_SELECTOR = YES;
				GCC_WARN_UNINITIALIZED_AUTOS = YES_AGGRESSIVE;
				GCC_WARN_UNUSED_FUNCTION = YES;
				GCC_WARN_UNUSED_VARIABLE = YES;
				IPHONEOS_DEPLOYMENT_TARGET = 15.0;
				LOCALIZATION_PREFERS_STRING_CATALOGS = YES;
				MTL_ENABLE_DEBUG_INFO = INCLUDE_SOURCE;
				MTL_FAST_MATH = YES;
				ONLY_ACTIVE_ARCH = YES;
				SDKROOT = iphoneos;
				SWIFT_ACTIVE_COMPILATION_CONDITIONS = "DEBUG $(inherited)";
				SWIFT_OPTIMIZATION_LEVEL = "-Onone";
			};
			name = Debug;
		};
		2502C3112C2FF8FB007089D4 /* Release */ = {
			isa = XCBuildConfiguration;
			buildSettings = {
				ALWAYS_SEARCH_USER_PATHS = NO;
				ASSETCATALOG_COMPILER_GENERATE_SWIFT_ASSET_SYMBOL_EXTENSIONS = YES;
				CLANG_ANALYZER_NONNULL = YES;
				CLANG_ANALYZER_NUMBER_OBJECT_CONVERSION = YES_AGGRESSIVE;
				CLANG_CXX_LANGUAGE_STANDARD = "gnu++20";
				CLANG_ENABLE_MODULES = YES;
				CLANG_ENABLE_OBJC_ARC = YES;
				CLANG_ENABLE_OBJC_WEAK = YES;
				CLANG_WARN_BLOCK_CAPTURE_AUTORELEASING = YES;
				CLANG_WARN_BOOL_CONVERSION = YES;
				CLANG_WARN_COMMA = YES;
				CLANG_WARN_CONSTANT_CONVERSION = YES;
				CLANG_WARN_DEPRECATED_OBJC_IMPLEMENTATIONS = YES;
				CLANG_WARN_DIRECT_OBJC_ISA_USAGE = YES_ERROR;
				CLANG_WARN_DOCUMENTATION_COMMENTS = YES;
				CLANG_WARN_EMPTY_BODY = YES;
				CLANG_WARN_ENUM_CONVERSION = YES;
				CLANG_WARN_INFINITE_RECURSION = YES;
				CLANG_WARN_INT_CONVERSION = YES;
				CLANG_WARN_NON_LITERAL_NULL_CONVERSION = YES;
				CLANG_WARN_OBJC_IMPLICIT_RETAIN_SELF = YES;
				CLANG_WARN_OBJC_LITERAL_CONVERSION = YES;
				CLANG_WARN_OBJC_ROOT_CLASS = YES_ERROR;
				CLANG_WARN_QUOTED_INCLUDE_IN_FRAMEWORK_HEADER = YES;
				CLANG_WARN_RANGE_LOOP_ANALYSIS = YES;
				CLANG_WARN_STRICT_PROTOTYPES = YES;
				CLANG_WARN_SUSPICIOUS_MOVE = YES;
				CLANG_WARN_UNGUARDED_AVAILABILITY = YES_AGGRESSIVE;
				CLANG_WARN_UNREACHABLE_CODE = YES;
				CLANG_WARN__DUPLICATE_METHOD_MATCH = YES;
				COPY_PHASE_STRIP = NO;
				DEBUG_INFORMATION_FORMAT = "dwarf-with-dsym";
				ENABLE_NS_ASSERTIONS = NO;
				ENABLE_STRICT_OBJC_MSGSEND = YES;
				ENABLE_USER_SCRIPT_SANDBOXING = YES;
				GCC_C_LANGUAGE_STANDARD = gnu17;
				GCC_NO_COMMON_BLOCKS = YES;
				GCC_WARN_64_TO_32_BIT_CONVERSION = YES;
				GCC_WARN_ABOUT_RETURN_TYPE = YES_ERROR;
				GCC_WARN_UNDECLARED_SELECTOR = YES;
				GCC_WARN_UNINITIALIZED_AUTOS = YES_AGGRESSIVE;
				GCC_WARN_UNUSED_FUNCTION = YES;
				GCC_WARN_UNUSED_VARIABLE = YES;
				IPHONEOS_DEPLOYMENT_TARGET = 15.0;
				LOCALIZATION_PREFERS_STRING_CATALOGS = YES;
				MTL_ENABLE_DEBUG_INFO = NO;
				MTL_FAST_MATH = YES;
				SDKROOT = iphoneos;
				SWIFT_COMPILATION_MODE = wholemodule;
				VALIDATE_PRODUCT = YES;
			};
			name = Release;
		};
		2502C3132C2FF8FB007089D4 /* Debug */ = {
			isa = XCBuildConfiguration;
			buildSettings = {
				ASSETCATALOG_COMPILER_APPICON_NAME = AppIcon;
				ASSETCATALOG_COMPILER_GLOBAL_ACCENT_COLOR_NAME = AccentColor;
				CODE_SIGN_STYLE = Automatic;
				CURRENT_PROJECT_VERSION = 1;
				DEVELOPMENT_TEAM = 74KE6VKKSF;
				GENERATE_INFOPLIST_FILE = YES;
				INFOPLIST_FILE = SampleProject/Resources/Info.plist;
				INFOPLIST_KEY_UIApplicationSupportsIndirectInputEvents = YES;
				INFOPLIST_KEY_UILaunchStoryboardName = LaunchScreen;
				INFOPLIST_KEY_UISupportedInterfaceOrientations_iPad = "UIInterfaceOrientationPortrait UIInterfaceOrientationPortraitUpsideDown UIInterfaceOrientationLandscapeLeft UIInterfaceOrientationLandscapeRight";
				INFOPLIST_KEY_UISupportedInterfaceOrientations_iPhone = "UIInterfaceOrientationPortrait UIInterfaceOrientationLandscapeLeft UIInterfaceOrientationLandscapeRight";
				IPHONEOS_DEPLOYMENT_TARGET = 15.0;
				LD_RUNPATH_SEARCH_PATHS = (
					"$(inherited)",
					"@executable_path/Frameworks",
				);
				MARKETING_VERSION = 1.0;
				PRODUCT_BUNDLE_IDENTIFIER = com.denissvichkarev.SampleProject;
				PRODUCT_NAME = "$(TARGET_NAME)";
				SWIFT_EMIT_LOC_STRINGS = YES;
				SWIFT_VERSION = 5.0;
				TARGETED_DEVICE_FAMILY = "1,2";
			};
			name = Debug;
		};
		2502C3142C2FF8FB007089D4 /* Release */ = {
			isa = XCBuildConfiguration;
			buildSettings = {
				ASSETCATALOG_COMPILER_APPICON_NAME = AppIcon;
				ASSETCATALOG_COMPILER_GLOBAL_ACCENT_COLOR_NAME = AccentColor;
				CODE_SIGN_STYLE = Automatic;
				CURRENT_PROJECT_VERSION = 1;
				DEVELOPMENT_TEAM = 74KE6VKKSF;
				GENERATE_INFOPLIST_FILE = YES;
				INFOPLIST_FILE = SampleProject/Resources/Info.plist;
				INFOPLIST_KEY_UIApplicationSupportsIndirectInputEvents = YES;
				INFOPLIST_KEY_UILaunchStoryboardName = LaunchScreen;
				INFOPLIST_KEY_UISupportedInterfaceOrientations_iPad = "UIInterfaceOrientationPortrait UIInterfaceOrientationPortraitUpsideDown UIInterfaceOrientationLandscapeLeft UIInterfaceOrientationLandscapeRight";
				INFOPLIST_KEY_UISupportedInterfaceOrientations_iPhone = "UIInterfaceOrientationPortrait UIInterfaceOrientationLandscapeLeft UIInterfaceOrientationLandscapeRight";
				IPHONEOS_DEPLOYMENT_TARGET = 15.0;
				LD_RUNPATH_SEARCH_PATHS = (
					"$(inherited)",
					"@executable_path/Frameworks",
				);
				MARKETING_VERSION = 1.0;
				PRODUCT_BUNDLE_IDENTIFIER = com.denissvichkarev.SampleProject;
				PRODUCT_NAME = "$(TARGET_NAME)";
				SWIFT_EMIT_LOC_STRINGS = YES;
				SWIFT_VERSION = 5.0;
				TARGETED_DEVICE_FAMILY = "1,2";
			};
			name = Release;
		};
		2502C3162C2FF8FB007089D4 /* Debug */ = {
			isa = XCBuildConfiguration;
			buildSettings = {
				ALWAYS_EMBED_SWIFT_STANDARD_LIBRARIES = YES;
				BUNDLE_LOADER = "$(TEST_HOST)";
				CODE_SIGN_STYLE = Automatic;
				CURRENT_PROJECT_VERSION = 1;
				DEVELOPMENT_TEAM = 74KE6VKKSF;
				GENERATE_INFOPLIST_FILE = YES;
				IPHONEOS_DEPLOYMENT_TARGET = 17.2;
				MARKETING_VERSION = 1.0;
				PRODUCT_BUNDLE_IDENTIFIER = com.denissvichkarev.SampleProjectTests;
				PRODUCT_NAME = "$(TARGET_NAME)";
				SWIFT_EMIT_LOC_STRINGS = NO;
				SWIFT_VERSION = 5.0;
				TARGETED_DEVICE_FAMILY = "1,2";
				TEST_HOST = "$(BUILT_PRODUCTS_DIR)/SampleProject.app/$(BUNDLE_EXECUTABLE_FOLDER_PATH)/SampleProject";
			};
			name = Debug;
		};
		2502C3172C2FF8FB007089D4 /* Release */ = {
			isa = XCBuildConfiguration;
			buildSettings = {
				ALWAYS_EMBED_SWIFT_STANDARD_LIBRARIES = YES;
				BUNDLE_LOADER = "$(TEST_HOST)";
				CODE_SIGN_STYLE = Automatic;
				CURRENT_PROJECT_VERSION = 1;
				DEVELOPMENT_TEAM = 74KE6VKKSF;
				GENERATE_INFOPLIST_FILE = YES;
				IPHONEOS_DEPLOYMENT_TARGET = 17.2;
				MARKETING_VERSION = 1.0;
				PRODUCT_BUNDLE_IDENTIFIER = com.denissvichkarev.SampleProjectTests;
				PRODUCT_NAME = "$(TARGET_NAME)";
				SWIFT_EMIT_LOC_STRINGS = NO;
				SWIFT_VERSION = 5.0;
				TARGETED_DEVICE_FAMILY = "1,2";
				TEST_HOST = "$(BUILT_PRODUCTS_DIR)/SampleProject.app/$(BUNDLE_EXECUTABLE_FOLDER_PATH)/SampleProject";
			};
			name = Release;
		};
		2502C3192C2FF8FB007089D4 /* Debug */ = {
			isa = XCBuildConfiguration;
			buildSettings = {
				ALWAYS_EMBED_SWIFT_STANDARD_LIBRARIES = YES;
				CODE_SIGN_STYLE = Automatic;
				CURRENT_PROJECT_VERSION = 1;
				DEVELOPMENT_TEAM = 74KE6VKKSF;
				GENERATE_INFOPLIST_FILE = YES;
				MARKETING_VERSION = 1.0;
				PRODUCT_BUNDLE_IDENTIFIER = com.denissvichkarev.SampleProjectUITests;
				PRODUCT_NAME = "$(TARGET_NAME)";
				SWIFT_EMIT_LOC_STRINGS = NO;
				SWIFT_VERSION = 5.0;
				TARGETED_DEVICE_FAMILY = "1,2";
				TEST_TARGET_NAME = SampleProject;
			};
			name = Debug;
		};
		2502C31A2C2FF8FB007089D4 /* Release */ = {
			isa = XCBuildConfiguration;
			buildSettings = {
				ALWAYS_EMBED_SWIFT_STANDARD_LIBRARIES = YES;
				CODE_SIGN_STYLE = Automatic;
				CURRENT_PROJECT_VERSION = 1;
				DEVELOPMENT_TEAM = 74KE6VKKSF;
				GENERATE_INFOPLIST_FILE = YES;
				MARKETING_VERSION = 1.0;
				PRODUCT_BUNDLE_IDENTIFIER = com.denissvichkarev.SampleProjectUITests;
				PRODUCT_NAME = "$(TARGET_NAME)";
				SWIFT_EMIT_LOC_STRINGS = NO;
				SWIFT_VERSION = 5.0;
				TARGETED_DEVICE_FAMILY = "1,2";
				TEST_TARGET_NAME = SampleProject;
			};
			name = Release;
		};
/* End XCBuildConfiguration section */

/* Begin XCConfigurationList section */
		2502C2E02C2FF8F9007089D4 /* Build configuration list for PBXProject "SampleProject" */ = {
			isa = XCConfigurationList;
			buildConfigurations = (
				2502C3102C2FF8FB007089D4 /* Debug */,
				2502C3112C2FF8FB007089D4 /* Release */,
			);
			defaultConfigurationIsVisible = 0;
			defaultConfigurationName = Release;
		};
		2502C3122C2FF8FB007089D4 /* Build configuration list for PBXNativeTarget "SampleProject" */ = {
			isa = XCConfigurationList;
			buildConfigurations = (
				2502C3132C2FF8FB007089D4 /* Debug */,
				2502C3142C2FF8FB007089D4 /* Release */,
			);
			defaultConfigurationIsVisible = 0;
			defaultConfigurationName = Release;
		};
		2502C3152C2FF8FB007089D4 /* Build configuration list for PBXNativeTarget "SampleProjectTests" */ = {
			isa = XCConfigurationList;
			buildConfigurations = (
				2502C3162C2FF8FB007089D4 /* Debug */,
				2502C3172C2FF8FB007089D4 /* Release */,
			);
			defaultConfigurationIsVisible = 0;
			defaultConfigurationName = Release;
		};
		2502C3182C2FF8FB007089D4 /* Build configuration list for PBXNativeTarget "SampleProjectUITests" */ = {
			isa = XCConfigurationList;
			buildConfigurations = (
				2502C3192C2FF8FB007089D4 /* Debug */,
				2502C31A2C2FF8FB007089D4 /* Release */,
			);
			defaultConfigurationIsVisible = 0;
			defaultConfigurationName = Release;
		};
/* End XCConfigurationList section */

/* Begin XCVersionGroup section */
		2502C2F12C2FF8F9007089D4 /* SampleProject.xcdatamodeld */ = {
			isa = XCVersionGroup;
			children = (
				2502C2F22C2FF8F9007089D4 /* SampleProject.xcdatamodel */,
			);
			currentVersion = 2502C2F22C2FF8F9007089D4 /* SampleProject.xcdatamodel */;
			path = SampleProject.xcdatamodeld;
			sourceTree = "<group>";
			versionGroupType = wrapper.xcdatamodel;
		};
/* End XCVersionGroup section */
	};
	rootObject = 2502C2DD2C2FF8F9007089D4 /* Project object */;
}
